// !$*UTF8*$!
{
	archiveVersion = 1;
	classes = {
	};
	objectVersion = 48;
	objects = {

/* Begin PBXBuildFile section */
		3B0475F120EEBD8D00D30A4D /* MainLikeTVC.swift in Sources */ = {isa = PBXBuildFile; fileRef = 3B0475F020EEBD8D00D30A4D /* MainLikeTVC.swift */; };
		3B0475F320EEBD9B00D30A4D /* MainDislikeTVC.swift in Sources */ = {isa = PBXBuildFile; fileRef = 3B0475F220EEBD9B00D30A4D /* MainDislikeTVC.swift */; };
		3B0896A120EEBA2B00BFBCBC /* MainPageMenuVC.swift in Sources */ = {isa = PBXBuildFile; fileRef = 3B0896A020EEBA2B00BFBCBC /* MainPageMenuVC.swift */; };
		3B47AEAD20F54C8A0054B49A /* CommunityCommentDislikeService.swift in Sources */ = {isa = PBXBuildFile; fileRef = 3B47AEAC20F54C8A0054B49A /* CommunityCommentDislikeService.swift */; };
		3B47AEB120F5EC2D0054B49A /* Mypage.storyboard in Resources */ = {isa = PBXBuildFile; fileRef = 3B47AEB020F5EC2D0054B49A /* Mypage.storyboard */; };
		3B6B030A20EE09F700034C9B /* PartyListDetailTVcell.swift in Sources */ = {isa = PBXBuildFile; fileRef = 3B6B030920EE09F700034C9B /* PartyListDetailTVcell.swift */; };
		3B6B030C20EE0A2300034C9B /* PartyListDetailFirstSectionTVCell.swift in Sources */ = {isa = PBXBuildFile; fileRef = 3B6B030B20EE0A2300034C9B /* PartyListDetailFirstSectionTVCell.swift */; };
		3B6B031920EE530000034C9B /* ColorChip.swift in Sources */ = {isa = PBXBuildFile; fileRef = 3B6B031820EE530000034C9B /* ColorChip.swift */; };
		3B6B031B20EE530A00034C9B /* PartyList.swift in Sources */ = {isa = PBXBuildFile; fileRef = 3B6B031A20EE530A00034C9B /* PartyList.swift */; };
		3B8254FE20EF674D00ABCB59 /* MainFirstSectionTVCell.swift in Sources */ = {isa = PBXBuildFile; fileRef = 3B8254FD20EF674D00ABCB59 /* MainFirstSectionTVCell.swift */; };
		3B82550020EF675F00ABCB59 /* MainTVCell.swift in Sources */ = {isa = PBXBuildFile; fileRef = 3B8254FF20EF675F00ABCB59 /* MainTVCell.swift */; };
		3B83165720F104C3001D2423 /* CommunityVC.swift in Sources */ = {isa = PBXBuildFile; fileRef = 3B83165620F104C3001D2423 /* CommunityVC.swift */; };
		3B83165920F106E0001D2423 /* CommunityFirstSectionWriteTVCell.swift in Sources */ = {isa = PBXBuildFile; fileRef = 3B83165820F106E0001D2423 /* CommunityFirstSectionWriteTVCell.swift */; };
		3B83165B20F10AF9001D2423 /* CommunityFirstSectionLoginTVCell.swift in Sources */ = {isa = PBXBuildFile; fileRef = 3B83165A20F10AF9001D2423 /* CommunityFirstSectionLoginTVCell.swift */; };
		3B83165F20F137A2001D2423 /* Community.storyboard in Resources */ = {isa = PBXBuildFile; fileRef = 3B83165E20F137A2001D2423 /* Community.storyboard */; };
		3B83166120F138A4001D2423 /* Rank.storyboard in Resources */ = {isa = PBXBuildFile; fileRef = 3B83166020F138A4001D2423 /* Rank.storyboard */; };
		3B94984F20F3BC6B00BFA81E /* CommunityWriteService.swift in Sources */ = {isa = PBXBuildFile; fileRef = 3B94984E20F3BC6B00BFA81E /* CommunityWriteService.swift */; };
		3B94985120F3BD2400BFA81E /* CommunityWriteVO.swift in Sources */ = {isa = PBXBuildFile; fileRef = 3B94985020F3BD2400BFA81E /* CommunityWriteVO.swift */; };
		3B94985320F3E36700BFA81E /* GetPointService.swift in Sources */ = {isa = PBXBuildFile; fileRef = 3B94985220F3E36700BFA81E /* GetPointService.swift */; };
		3B94985520F3E3A300BFA81E /* PointVO.swift in Sources */ = {isa = PBXBuildFile; fileRef = 3B94985420F3E3A300BFA81E /* PointVO.swift */; };
		3B94985720F3EBB700BFA81E /* VoteService.swift in Sources */ = {isa = PBXBuildFile; fileRef = 3B94985620F3EBB700BFA81E /* VoteService.swift */; };
		3B94985920F3EC8000BFA81E /* MessageVO.swift in Sources */ = {isa = PBXBuildFile; fileRef = 3B94985820F3EC8000BFA81E /* MessageVO.swift */; };
		3B94985B20F3FCCC00BFA81E /* GetCoinService.swift in Sources */ = {isa = PBXBuildFile; fileRef = 3B94985A20F3FCCC00BFA81E /* GetCoinService.swift */; };
		3B94985D20F3FCD400BFA81E /* SupportService.swift in Sources */ = {isa = PBXBuildFile; fileRef = 3B94985C20F3FCD400BFA81E /* SupportService.swift */; };
		3B94985F20F3FDA500BFA81E /* CoinVO.swift in Sources */ = {isa = PBXBuildFile; fileRef = 3B94985E20F3FDA500BFA81E /* CoinVO.swift */; };
		3B94986120F4A00300BFA81E /* CommunityVO.swift in Sources */ = {isa = PBXBuildFile; fileRef = 3B94986020F4A00300BFA81E /* CommunityVO.swift */; };
		3B94986320F4A04400BFA81E /* CommunityService.swift in Sources */ = {isa = PBXBuildFile; fileRef = 3B94986220F4A04400BFA81E /* CommunityService.swift */; };
		3B94986520F4C34700BFA81E /* CommunityWriteCompleteService.swift in Sources */ = {isa = PBXBuildFile; fileRef = 3B94986420F4C34700BFA81E /* CommunityWriteCompleteService.swift */; };
		3B97B5BA20F2006E00020A81 /* KakaoOpenSDK.framework in Frameworks */ = {isa = PBXBuildFile; fileRef = 3B97B5B920F2006D00020A81 /* KakaoOpenSDK.framework */; };
		3B97B5BE20F201F700020A81 /* kakaoLogin.cpp in Sources */ = {isa = PBXBuildFile; fileRef = 3B97B5BC20F201F700020A81 /* kakaoLogin.cpp */; };
		3B97B5C020F205E300020A81 /* LoginVC.swift in Sources */ = {isa = PBXBuildFile; fileRef = 3B97B5BF20F205E300020A81 /* LoginVC.swift */; };
		3B97B5C220F212AF00020A81 /* TabbarVC.swift in Sources */ = {isa = PBXBuildFile; fileRef = 3B97B5C120F212AF00020A81 /* TabbarVC.swift */; };
		3B97B5C520F2432800020A81 /* TapDelegate.swift in Sources */ = {isa = PBXBuildFile; fileRef = 3B97B5C420F2432800020A81 /* TapDelegate.swift */; };
		3B97B5C720F25BA700020A81 /* Storyboard.swift in Sources */ = {isa = PBXBuildFile; fileRef = 3B97B5C620F25BA700020A81 /* Storyboard.swift */; };
		3B97B5CB20F28C8800020A81 /* HttpResponseCode.swift in Sources */ = {isa = PBXBuildFile; fileRef = 3B97B5CA20F28C8800020A81 /* HttpResponseCode.swift */; };
		3B97B5CD20F28CB500020A81 /* APIService.swift in Sources */ = {isa = PBXBuildFile; fileRef = 3B97B5CC20F28CB500020A81 /* APIService.swift */; };
		3B97B5CF20F28CE400020A81 /* GettableService.swift in Sources */ = {isa = PBXBuildFile; fileRef = 3B97B5CE20F28CE400020A81 /* GettableService.swift */; };
		3B97B5D120F28CFB00020A81 /* PostableService.swift in Sources */ = {isa = PBXBuildFile; fileRef = 3B97B5D020F28CFB00020A81 /* PostableService.swift */; };
		3B97B5D320F28D2000020A81 /* PostablewithPhoto.swift in Sources */ = {isa = PBXBuildFile; fileRef = 3B97B5D220F28D2000020A81 /* PostablewithPhoto.swift */; };
		3B97B5D520F28DF400020A81 /* LegislatorLikeVO.swift in Sources */ = {isa = PBXBuildFile; fileRef = 3B97B5D420F28DF400020A81 /* LegislatorLikeVO.swift */; };
		3B97B5D720F28EE800020A81 /* GetLegislatorLikeService.swift in Sources */ = {isa = PBXBuildFile; fileRef = 3B97B5D620F28EE800020A81 /* GetLegislatorLikeService.swift */; };
		3B97B5DE20F3402C00020A81 /* PartyLegistorLikeVO.swift in Sources */ = {isa = PBXBuildFile; fileRef = 3B97B5DD20F3402C00020A81 /* PartyLegistorLikeVO.swift */; };
		3B97B5E020F340C400020A81 /* GetPartyLegislatorLikeService.swift in Sources */ = {isa = PBXBuildFile; fileRef = 3B97B5DF20F340C400020A81 /* GetPartyLegislatorLikeService.swift */; };
		3B97B5E220F35B2500020A81 /* LegislatorDetailVO.swift in Sources */ = {isa = PBXBuildFile; fileRef = 3B97B5E120F35B2500020A81 /* LegislatorDetailVO.swift */; };
		3B97B5E420F35C1000020A81 /* GetLegislatorDetailService.swift in Sources */ = {isa = PBXBuildFile; fileRef = 3B97B5E320F35C1000020A81 /* GetLegislatorDetailService.swift */; };
		3B97B5E620F3842700020A81 /* LoginService.swift in Sources */ = {isa = PBXBuildFile; fileRef = 3B97B5E520F3842700020A81 /* LoginService.swift */; };
		3B97B5E820F3869900020A81 /* LoginVO.swift in Sources */ = {isa = PBXBuildFile; fileRef = 3B97B5E720F3869900020A81 /* LoginVO.swift */; };
		3BAFF97620EE845A0088F020 /* Region.swift in Sources */ = {isa = PBXBuildFile; fileRef = 3BAFF97520EE845A0088F020 /* Region.swift */; };
		3BB1A5BF20EB95B700D4929A /* SearchLegislatorResultTVC.swift in Sources */ = {isa = PBXBuildFile; fileRef = 3BB1A5BE20EB95B700D4929A /* SearchLegislatorResultTVC.swift */; };
		3BB1A5C120EB965600D4929A /* SearchLegislatorResultTVCell.swift in Sources */ = {isa = PBXBuildFile; fileRef = 3BB1A5C020EB965600D4929A /* SearchLegislatorResultTVCell.swift */; };
		3BB1A5C320EB9EC000D4929A /* SampleLegislator.swift in Sources */ = {isa = PBXBuildFile; fileRef = 3BB1A5C220EB9EC000D4929A /* SampleLegislator.swift */; };
		3BB4308820EC9453002980D9 /* CommunityResultTVC.swift in Sources */ = {isa = PBXBuildFile; fileRef = 3BB4308720EC9453002980D9 /* CommunityResultTVC.swift */; };
		3BB4308D20ECE8BF002980D9 /* PartyListDetailPageMenuVC.swift in Sources */ = {isa = PBXBuildFile; fileRef = 3BB4308C20ECE8BF002980D9 /* PartyListDetailPageMenuVC.swift */; };
		3BB4308F20ECE914002980D9 /* PartyListDetailLikeTVC.swift in Sources */ = {isa = PBXBuildFile; fileRef = 3BB4308E20ECE914002980D9 /* PartyListDetailLikeTVC.swift */; };
		3BB4309120ECE952002980D9 /* PartyListDetailDislikeTVC.swift in Sources */ = {isa = PBXBuildFile; fileRef = 3BB4309020ECE951002980D9 /* PartyListDetailDislikeTVC.swift */; };
		3BCF932E20F15CA500E9E7F7 /* SupportPopupView.swift in Sources */ = {isa = PBXBuildFile; fileRef = 3BCF932D20F15CA500E9E7F7 /* SupportPopupView.swift */; };
		3BCF933020F15F5F00E9E7F7 /* Modal.swift in Sources */ = {isa = PBXBuildFile; fileRef = 3BCF932F20F15F5F00E9E7F7 /* Modal.swift */; };
		3BCF933220F15F6700E9E7F7 /* CustomAlert.swift in Sources */ = {isa = PBXBuildFile; fileRef = 3BCF933120F15F6700E9E7F7 /* CustomAlert.swift */; };
		3BCF933620F1656600E9E7F7 /* SupportPopup.xib in Resources */ = {isa = PBXBuildFile; fileRef = 3BCF933520F1656600E9E7F7 /* SupportPopup.xib */; };
		3BCF933820F16B4700E9E7F7 /* CompletePopup.xib in Resources */ = {isa = PBXBuildFile; fileRef = 3BCF933720F16B4700E9E7F7 /* CompletePopup.xib */; };
		3BCF933A20F16F8F00E9E7F7 /* CompletePopupView.swift in Sources */ = {isa = PBXBuildFile; fileRef = 3BCF933920F16F8F00E9E7F7 /* CompletePopupView.swift */; };
		3BCF933C20F1854300E9E7F7 /* SampleLegislatorData.swift in Sources */ = {isa = PBXBuildFile; fileRef = 3BCF933B20F1854300E9E7F7 /* SampleLegislatorData.swift */; };
		3BFCE31120F4D9B500C21AEB /* CommunityLikeService.swift in Sources */ = {isa = PBXBuildFile; fileRef = 3BFCE31020F4D9B500C21AEB /* CommunityLikeService.swift */; };
		3BFCE31320F501DF00C21AEB /* CommunityCommentVO.swift in Sources */ = {isa = PBXBuildFile; fileRef = 3BFCE31220F501DF00C21AEB /* CommunityCommentVO.swift */; };
		3BFCE31520F5022900C21AEB /* CommunityCommentService.swift in Sources */ = {isa = PBXBuildFile; fileRef = 3BFCE31420F5022900C21AEB /* CommunityCommentService.swift */; };
		3BFCE31720F51CC700C21AEB /* CommunityCommentWriteService.swift in Sources */ = {isa = PBXBuildFile; fileRef = 3BFCE31620F51CC700C21AEB /* CommunityCommentWriteService.swift */; };
		3BFCE31920F5251500C21AEB /* BoardDetailViewController.swift in Sources */ = {isa = PBXBuildFile; fileRef = 3BFCE31820F5251500C21AEB /* BoardDetailViewController.swift */; };
		430703D520F107D800D37732 /* LegislatorContentSample.swift in Sources */ = {isa = PBXBuildFile; fileRef = 430703D420F107D800D37732 /* LegislatorContentSample.swift */; };
		430703D720F107E500D37732 /* LegislatorContentData.swift in Sources */ = {isa = PBXBuildFile; fileRef = 430703D620F107E500D37732 /* LegislatorContentData.swift */; };
		432BA53720F3674900B33A36 /* ChargeVC.swift in Sources */ = {isa = PBXBuildFile; fileRef = 432BA53620F3674900B33A36 /* ChargeVC.swift */; };
		432BA53920F3678A00B33A36 /* MyCoinVC.swift in Sources */ = {isa = PBXBuildFile; fileRef = 432BA53820F3678A00B33A36 /* MyCoinVC.swift */; };
		432BA53B20F367C600B33A36 /* ChangeCoinVC.swift in Sources */ = {isa = PBXBuildFile; fileRef = 432BA53A20F367C600B33A36 /* ChangeCoinVC.swift */; };
		4331B01220EFFBD500FA290C /* NoticeVC.swift in Sources */ = {isa = PBXBuildFile; fileRef = 4331B01120EFFBD500FA290C /* NoticeVC.swift */; };
		4351999320EF7EE000D72AAF /* MyFeedVC.swift in Sources */ = {isa = PBXBuildFile; fileRef = 4351999220EF7EE000D72AAF /* MyFeedVC.swift */; };
		4351999620EFE94A00D72AAF /* OtherUserPageVC.swift in Sources */ = {isa = PBXBuildFile; fileRef = 4351999520EFE94A00D72AAF /* OtherUserPageVC.swift */; };
		43537EF620F0AD6E0036435A /* NoticeCell.swift in Sources */ = {isa = PBXBuildFile; fileRef = 43537EF520F0AD6E0036435A /* NoticeCell.swift */; };
		43537EFE20F0E9C50036435A /* LegislatorProfileCell.swift in Sources */ = {isa = PBXBuildFile; fileRef = 43537EFD20F0E9C50036435A /* LegislatorProfileCell.swift */; };
		43537F0020F0EA070036435A /* LegislatorContentCell.swift in Sources */ = {isa = PBXBuildFile; fileRef = 43537EFF20F0EA070036435A /* LegislatorContentCell.swift */; };
		43537F0220F0EBA50036435A /* LegislatorRelatedCell.swift in Sources */ = {isa = PBXBuildFile; fileRef = 43537F0120F0EBA50036435A /* LegislatorRelatedCell.swift */; };
		439D813E20EB2FE5007DAD57 /* Extension.swift in Sources */ = {isa = PBXBuildFile; fileRef = 439D811B20EB2FE5007DAD57 /* Extension.swift */; };
		439D813F20EB2FE5007DAD57 /* LaunchScreen.storyboard in Resources */ = {isa = PBXBuildFile; fileRef = 439D811D20EB2FE5007DAD57 /* LaunchScreen.storyboard */; };
		439D814020EB2FE5007DAD57 /* Main.storyboard in Resources */ = {isa = PBXBuildFile; fileRef = 439D811F20EB2FE5007DAD57 /* Main.storyboard */; };
		439D814120EB2FE5007DAD57 /* CommunityWriteVC.swift in Sources */ = {isa = PBXBuildFile; fileRef = 439D812320EB2FE5007DAD57 /* CommunityWriteVC.swift */; };
		439D814320EB2FE5007DAD57 /* PartyListTVC.swift in Sources */ = {isa = PBXBuildFile; fileRef = 439D812820EB2FE5007DAD57 /* PartyListTVC.swift */; };
		439D814420EB2FE5007DAD57 /* RegionVC.swift in Sources */ = {isa = PBXBuildFile; fileRef = 439D812920EB2FE5007DAD57 /* RegionVC.swift */; };
		439D814520EB2FE5007DAD57 /* PartyListPageMenuVC.swift in Sources */ = {isa = PBXBuildFile; fileRef = 439D812A20EB2FE5007DAD57 /* PartyListPageMenuVC.swift */; };
		439D814920EB2FE5007DAD57 /* Sample.swift in Sources */ = {isa = PBXBuildFile; fileRef = 439D812F20EB2FE5007DAD57 /* Sample.swift */; };
		439D814A20EB2FE5007DAD57 /* CommunityTVCell.swift in Sources */ = {isa = PBXBuildFile; fileRef = 439D813020EB2FE5007DAD57 /* CommunityTVCell.swift */; };
		439D814B20EB2FE5007DAD57 /* Sub.storyboard in Resources */ = {isa = PBXBuildFile; fileRef = 439D813320EB2FE5007DAD57 /* Sub.storyboard */; };
		439D814C20EB2FE5007DAD57 /* RecommendFirstCell.swift in Sources */ = {isa = PBXBuildFile; fileRef = 439D813720EB2FE5007DAD57 /* RecommendFirstCell.swift */; };
		439D814D20EB2FE5007DAD57 /* RecommendSecondCell.swift in Sources */ = {isa = PBXBuildFile; fileRef = 439D813820EB2FE5007DAD57 /* RecommendSecondCell.swift */; };
		439D814E20EB2FE5007DAD57 /* ContentVC.swift in Sources */ = {isa = PBXBuildFile; fileRef = 439D813920EB2FE5007DAD57 /* ContentVC.swift */; };
		439D815020EB2FE5007DAD57 /* Assets.xcassets in Resources */ = {isa = PBXBuildFile; fileRef = 439D813B20EB2FE5007DAD57 /* Assets.xcassets */; };
		439D815120EB2FE5007DAD57 /* AppDelegate.swift in Sources */ = {isa = PBXBuildFile; fileRef = 439D813C20EB2FE5007DAD57 /* AppDelegate.swift */; };
		439D815220EB2FE5007DAD57 /* Info.plist in Resources */ = {isa = PBXBuildFile; fileRef = 439D813D20EB2FE5007DAD57 /* Info.plist */; };
		43C5137B20ECD81D0017BDD8 /* MyPageVC.swift in Sources */ = {isa = PBXBuildFile; fileRef = 43C5137A20ECD81D0017BDD8 /* MyPageVC.swift */; };
		43C5137E20ECD9D00017BDD8 /* ScrapCVC.swift in Sources */ = {isa = PBXBuildFile; fileRef = 43C5137D20ECD9D00017BDD8 /* ScrapCVC.swift */; };
		43C5138020ECD9F70017BDD8 /* ScrapCell.swift in Sources */ = {isa = PBXBuildFile; fileRef = 43C5137F20ECD9F70017BDD8 /* ScrapCell.swift */; };
		43D1DAB720EB4F6600B752D1 /* CommentVC.swift in Sources */ = {isa = PBXBuildFile; fileRef = 43D1DAB620EB4F6600B752D1 /* CommentVC.swift */; };
		43D1DAB920EB50FC00B752D1 /* CommentCell.swift in Sources */ = {isa = PBXBuildFile; fileRef = 43D1DAB820EB50FC00B752D1 /* CommentCell.swift */; };
		43D1DABE20EB611C00B752D1 /* RecommentVC.swift in Sources */ = {isa = PBXBuildFile; fileRef = 43D1DABD20EB611C00B752D1 /* RecommentVC.swift */; };
		43D1DAC020EB613A00B752D1 /* RecommentCell.swift in Sources */ = {isa = PBXBuildFile; fileRef = 43D1DABF20EB613A00B752D1 /* RecommentCell.swift */; };
		43D1DAC320EB709700B752D1 /* CommentSample.swift in Sources */ = {isa = PBXBuildFile; fileRef = 43D1DAC220EB709700B752D1 /* CommentSample.swift */; };
		43D1DAC720EB989B00B752D1 /* RecommentSample.swift in Sources */ = {isa = PBXBuildFile; fileRef = 43D1DAC620EB989B00B752D1 /* RecommentSample.swift */; };
		43D1DAC920EB9A4E00B752D1 /* CommentData.swift in Sources */ = {isa = PBXBuildFile; fileRef = 43D1DAC820EB9A4E00B752D1 /* CommentData.swift */; };
		43D5639020EEA1BC003F59B1 /* ContentMenuSample.swift in Sources */ = {isa = PBXBuildFile; fileRef = 43D5638F20EEA1BC003F59B1 /* ContentMenuSample.swift */; };
		43D5639220EEA2B3003F59B1 /* ContentMenuData.swift in Sources */ = {isa = PBXBuildFile; fileRef = 43D5639120EEA2B3003F59B1 /* ContentMenuData.swift */; };
		43E4B7B420F5F9AA00BA68D4 /* ContentsDetailVO.swift in Sources */ = {isa = PBXBuildFile; fileRef = 43E4B7B320F5F9AA00BA68D4 /* ContentsDetailVO.swift */; };
		43E4B7B620F5F9C900BA68D4 /* ContentsVO.swift in Sources */ = {isa = PBXBuildFile; fileRef = 43E4B7B520F5F9C900BA68D4 /* ContentsVO.swift */; };
		43E4B7B820F5F9E800BA68D4 /* RecommendService2.swift in Sources */ = {isa = PBXBuildFile; fileRef = 43E4B7B720F5F9E800BA68D4 /* RecommendService2.swift */; };
		43E4B7BA20F5FA0200BA68D4 /* ContentDetailService.swift in Sources */ = {isa = PBXBuildFile; fileRef = 43E4B7B920F5FA0200BA68D4 /* ContentDetailService.swift */; };
		43E5D27420F06D980020DEBE /* MyPageSample.swift in Sources */ = {isa = PBXBuildFile; fileRef = 43E5D27320F06D980020DEBE /* MyPageSample.swift */; };
		43E5D27720F06EC30020DEBE /* MyPageData.swift in Sources */ = {isa = PBXBuildFile; fileRef = 43E5D27620F06EC30020DEBE /* MyPageData.swift */; };
		43E5D27A20F078D50020DEBE /* LegislatorDetailVC.swift in Sources */ = {isa = PBXBuildFile; fileRef = 43E5D27920F078D50020DEBE /* LegislatorDetailVC.swift */; };
		43E84BF620EDF811007C6C97 /* ScrapSample.swift in Sources */ = {isa = PBXBuildFile; fileRef = 43E84BF520EDF811007C6C97 /* ScrapSample.swift */; };
		43E84BF820EDF854007C6C97 /* ScrapData.swift in Sources */ = {isa = PBXBuildFile; fileRef = 43E84BF720EDF854007C6C97 /* ScrapData.swift */; };
		43E84BFB20EE2E42007C6C97 /* ContentDetailVC.swift in Sources */ = {isa = PBXBuildFile; fileRef = 43E84BFA20EE2E42007C6C97 /* ContentDetailVC.swift */; };
		43E84BFD20EE2F07007C6C97 /* ContentDetailCell.swift in Sources */ = {isa = PBXBuildFile; fileRef = 43E84BFC20EE2F07007C6C97 /* ContentDetailCell.swift */; };
		43E84BFF20EE3EAE007C6C97 /* ContentSample.swift in Sources */ = {isa = PBXBuildFile; fileRef = 43E84BFE20EE3EAE007C6C97 /* ContentSample.swift */; };
		43E84C0420EE3FCD007C6C97 /* ContentData.swift in Sources */ = {isa = PBXBuildFile; fileRef = 43E84C0320EE3FCD007C6C97 /* ContentData.swift */; };
		43EDECB020F1B25B00E0F0E9 /* ContentRecommendVC.swift in Sources */ = {isa = PBXBuildFile; fileRef = 43EDECAF20F1B25B00E0F0E9 /* ContentRecommendVC.swift */; };
		43EDECB220F1C60500E0F0E9 /* ContentTmiVC.swift in Sources */ = {isa = PBXBuildFile; fileRef = 43EDECB120F1C60500E0F0E9 /* ContentTmiVC.swift */; };
		43EDECB420F1C6D500E0F0E9 /* ContentStoryVC.swift in Sources */ = {isa = PBXBuildFile; fileRef = 43EDECB320F1C6D500E0F0E9 /* ContentStoryVC.swift */; };
		43EDECBA20F1C94600E0F0E9 /* TmiFirstCell.swift in Sources */ = {isa = PBXBuildFile; fileRef = 43EDECB920F1C94600E0F0E9 /* TmiFirstCell.swift */; };
		43EDECBC20F1C97000E0F0E9 /* TmiSecondCell.swift in Sources */ = {isa = PBXBuildFile; fileRef = 43EDECBB20F1C97000E0F0E9 /* TmiSecondCell.swift */; };
		43EDECBF20F1CA9500E0F0E9 /* StoryFirstCell.swift in Sources */ = {isa = PBXBuildFile; fileRef = 43EDECBE20F1CA9400E0F0E9 /* StoryFirstCell.swift */; };
		43EDECC120F1CAA200E0F0E9 /* StorySecondCell.swift in Sources */ = {isa = PBXBuildFile; fileRef = 43EDECC020F1CAA200E0F0E9 /* StorySecondCell.swift */; };
		43EDECC320F2039000E0F0E9 /* FollowListVC.swift in Sources */ = {isa = PBXBuildFile; fileRef = 43EDECC220F2039000E0F0E9 /* FollowListVC.swift */; };
		43EDECC620F2051500E0F0E9 /* FollowCell.swift in Sources */ = {isa = PBXBuildFile; fileRef = 43EDECC520F2051500E0F0E9 /* FollowCell.swift */; };
		43EDECC820F205B300E0F0E9 /* FollowerFixedCell.swift in Sources */ = {isa = PBXBuildFile; fileRef = 43EDECC720F205B300E0F0E9 /* FollowerFixedCell.swift */; };
		43EDECCA20F2063E00E0F0E9 /* FollowerListVC.swift in Sources */ = {isa = PBXBuildFile; fileRef = 43EDECC920F2063E00E0F0E9 /* FollowerListVC.swift */; };
		43EDECCC20F208FA00E0F0E9 /* FollowListSample.swift in Sources */ = {isa = PBXBuildFile; fileRef = 43EDECCB20F208FA00E0F0E9 /* FollowListSample.swift */; };
		43EDECCE20F2095E00E0F0E9 /* FollowListData.swift in Sources */ = {isa = PBXBuildFile; fileRef = 43EDECCD20F2095E00E0F0E9 /* FollowListData.swift */; };
		43EDECD220F20C8700E0F0E9 /* FollowFixedCell.swift in Sources */ = {isa = PBXBuildFile; fileRef = 43EDECD120F20C8700E0F0E9 /* FollowFixedCell.swift */; };
		43EDECD420F20C9A00E0F0E9 /* FollowerCell.swift in Sources */ = {isa = PBXBuildFile; fileRef = 43EDECD320F20C9A00E0F0E9 /* FollowerCell.swift */; };
		43EDECD720F26A7600E0F0E9 /* NoticeSample.swift in Sources */ = {isa = PBXBuildFile; fileRef = 43EDECD620F26A7600E0F0E9 /* NoticeSample.swift */; };
		B0FAAE4A343BF869C79BD42B /* Pods_Jungnami.framework in Frameworks */ = {isa = PBXBuildFile; fileRef = 744C0104DC536AD11F511D74 /* Pods_Jungnami.framework */; };
/* End PBXBuildFile section */

/* Begin PBXFileReference section */
		27490797B81CB45F1E881443 /* Pods-Jungnami.release.xcconfig */ = {isa = PBXFileReference; includeInIndex = 1; lastKnownFileType = text.xcconfig; name = "Pods-Jungnami.release.xcconfig"; path = "Pods/Target Support Files/Pods-Jungnami/Pods-Jungnami.release.xcconfig"; sourceTree = "<group>"; };
		3B0475F020EEBD8D00D30A4D /* MainLikeTVC.swift */ = {isa = PBXFileReference; lastKnownFileType = sourcecode.swift; path = MainLikeTVC.swift; sourceTree = "<group>"; };
		3B0475F220EEBD9B00D30A4D /* MainDislikeTVC.swift */ = {isa = PBXFileReference; lastKnownFileType = sourcecode.swift; path = MainDislikeTVC.swift; sourceTree = "<group>"; };
		3B0896A020EEBA2B00BFBCBC /* MainPageMenuVC.swift */ = {isa = PBXFileReference; lastKnownFileType = sourcecode.swift; path = MainPageMenuVC.swift; sourceTree = "<group>"; };
		3B297F6D20E8A74100B82B0B /* Jungnami.app */ = {isa = PBXFileReference; explicitFileType = wrapper.application; includeInIndex = 0; path = Jungnami.app; sourceTree = BUILT_PRODUCTS_DIR; };
		3B47AEAC20F54C8A0054B49A /* CommunityCommentDislikeService.swift */ = {isa = PBXFileReference; lastKnownFileType = sourcecode.swift; path = CommunityCommentDislikeService.swift; sourceTree = "<group>"; };
		3B47AEB020F5EC2D0054B49A /* Mypage.storyboard */ = {isa = PBXFileReference; lastKnownFileType = file.storyboard; path = Mypage.storyboard; sourceTree = "<group>"; };
		3B6B030920EE09F700034C9B /* PartyListDetailTVcell.swift */ = {isa = PBXFileReference; lastKnownFileType = sourcecode.swift; path = PartyListDetailTVcell.swift; sourceTree = "<group>"; };
		3B6B030B20EE0A2300034C9B /* PartyListDetailFirstSectionTVCell.swift */ = {isa = PBXFileReference; lastKnownFileType = sourcecode.swift; path = PartyListDetailFirstSectionTVCell.swift; sourceTree = "<group>"; };
		3B6B031820EE530000034C9B /* ColorChip.swift */ = {isa = PBXFileReference; lastKnownFileType = sourcecode.swift; path = ColorChip.swift; sourceTree = "<group>"; };
		3B6B031A20EE530A00034C9B /* PartyList.swift */ = {isa = PBXFileReference; lastKnownFileType = sourcecode.swift; path = PartyList.swift; sourceTree = "<group>"; };
		3B8254FD20EF674D00ABCB59 /* MainFirstSectionTVCell.swift */ = {isa = PBXFileReference; lastKnownFileType = sourcecode.swift; path = MainFirstSectionTVCell.swift; sourceTree = "<group>"; };
		3B8254FF20EF675F00ABCB59 /* MainTVCell.swift */ = {isa = PBXFileReference; lastKnownFileType = sourcecode.swift; path = MainTVCell.swift; sourceTree = "<group>"; };
		3B83165620F104C3001D2423 /* CommunityVC.swift */ = {isa = PBXFileReference; lastKnownFileType = sourcecode.swift; path = CommunityVC.swift; sourceTree = "<group>"; };
		3B83165820F106E0001D2423 /* CommunityFirstSectionWriteTVCell.swift */ = {isa = PBXFileReference; lastKnownFileType = sourcecode.swift; path = CommunityFirstSectionWriteTVCell.swift; sourceTree = "<group>"; };
		3B83165A20F10AF9001D2423 /* CommunityFirstSectionLoginTVCell.swift */ = {isa = PBXFileReference; lastKnownFileType = sourcecode.swift; path = CommunityFirstSectionLoginTVCell.swift; sourceTree = "<group>"; };
		3B83165E20F137A2001D2423 /* Community.storyboard */ = {isa = PBXFileReference; lastKnownFileType = file.storyboard; path = Community.storyboard; sourceTree = "<group>"; };
		3B83166020F138A4001D2423 /* Rank.storyboard */ = {isa = PBXFileReference; lastKnownFileType = file.storyboard; path = Rank.storyboard; sourceTree = "<group>"; };
		3B94984E20F3BC6B00BFA81E /* CommunityWriteService.swift */ = {isa = PBXFileReference; lastKnownFileType = sourcecode.swift; path = CommunityWriteService.swift; sourceTree = "<group>"; };
		3B94985020F3BD2400BFA81E /* CommunityWriteVO.swift */ = {isa = PBXFileReference; lastKnownFileType = sourcecode.swift; path = CommunityWriteVO.swift; sourceTree = "<group>"; };
		3B94985220F3E36700BFA81E /* GetPointService.swift */ = {isa = PBXFileReference; lastKnownFileType = sourcecode.swift; path = GetPointService.swift; sourceTree = "<group>"; };
		3B94985420F3E3A300BFA81E /* PointVO.swift */ = {isa = PBXFileReference; lastKnownFileType = sourcecode.swift; path = PointVO.swift; sourceTree = "<group>"; };
		3B94985620F3EBB700BFA81E /* VoteService.swift */ = {isa = PBXFileReference; lastKnownFileType = sourcecode.swift; path = VoteService.swift; sourceTree = "<group>"; };
		3B94985820F3EC8000BFA81E /* MessageVO.swift */ = {isa = PBXFileReference; lastKnownFileType = sourcecode.swift; path = MessageVO.swift; sourceTree = "<group>"; };
		3B94985A20F3FCCC00BFA81E /* GetCoinService.swift */ = {isa = PBXFileReference; lastKnownFileType = sourcecode.swift; path = GetCoinService.swift; sourceTree = "<group>"; };
		3B94985C20F3FCD400BFA81E /* SupportService.swift */ = {isa = PBXFileReference; lastKnownFileType = sourcecode.swift; path = SupportService.swift; sourceTree = "<group>"; };
		3B94985E20F3FDA500BFA81E /* CoinVO.swift */ = {isa = PBXFileReference; lastKnownFileType = sourcecode.swift; path = CoinVO.swift; sourceTree = "<group>"; };
		3B94986020F4A00300BFA81E /* CommunityVO.swift */ = {isa = PBXFileReference; lastKnownFileType = sourcecode.swift; path = CommunityVO.swift; sourceTree = "<group>"; };
		3B94986220F4A04400BFA81E /* CommunityService.swift */ = {isa = PBXFileReference; lastKnownFileType = sourcecode.swift; path = CommunityService.swift; sourceTree = "<group>"; };
		3B94986420F4C34700BFA81E /* CommunityWriteCompleteService.swift */ = {isa = PBXFileReference; lastKnownFileType = sourcecode.swift; path = CommunityWriteCompleteService.swift; sourceTree = "<group>"; };
		3B97B5B920F2006D00020A81 /* KakaoOpenSDK.framework */ = {isa = PBXFileReference; lastKnownFileType = wrapper.framework; path = KakaoOpenSDK.framework; sourceTree = "<group>"; };
		3B97B5BB20F201F600020A81 /* Jungnami-Bridging-Header.h */ = {isa = PBXFileReference; lastKnownFileType = sourcecode.c.h; path = "Jungnami-Bridging-Header.h"; sourceTree = "<group>"; };
		3B97B5BC20F201F700020A81 /* kakaoLogin.cpp */ = {isa = PBXFileReference; lastKnownFileType = sourcecode.cpp.cpp; path = kakaoLogin.cpp; sourceTree = "<group>"; };
		3B97B5BD20F201F700020A81 /* kakaoLogin.hpp */ = {isa = PBXFileReference; lastKnownFileType = sourcecode.cpp.h; path = kakaoLogin.hpp; sourceTree = "<group>"; };
		3B97B5BF20F205E300020A81 /* LoginVC.swift */ = {isa = PBXFileReference; lastKnownFileType = sourcecode.swift; path = LoginVC.swift; sourceTree = "<group>"; };
		3B97B5C120F212AF00020A81 /* TabbarVC.swift */ = {isa = PBXFileReference; lastKnownFileType = sourcecode.swift; path = TabbarVC.swift; sourceTree = "<group>"; };
		3B97B5C420F2432800020A81 /* TapDelegate.swift */ = {isa = PBXFileReference; lastKnownFileType = sourcecode.swift; path = TapDelegate.swift; sourceTree = "<group>"; };
		3B97B5C620F25BA700020A81 /* Storyboard.swift */ = {isa = PBXFileReference; lastKnownFileType = sourcecode.swift; path = Storyboard.swift; sourceTree = "<group>"; };
		3B97B5CA20F28C8800020A81 /* HttpResponseCode.swift */ = {isa = PBXFileReference; lastKnownFileType = sourcecode.swift; path = HttpResponseCode.swift; sourceTree = "<group>"; };
		3B97B5CC20F28CB500020A81 /* APIService.swift */ = {isa = PBXFileReference; lastKnownFileType = sourcecode.swift; path = APIService.swift; sourceTree = "<group>"; };
		3B97B5CE20F28CE400020A81 /* GettableService.swift */ = {isa = PBXFileReference; lastKnownFileType = sourcecode.swift; path = GettableService.swift; sourceTree = "<group>"; };
		3B97B5D020F28CFB00020A81 /* PostableService.swift */ = {isa = PBXFileReference; lastKnownFileType = sourcecode.swift; path = PostableService.swift; sourceTree = "<group>"; };
		3B97B5D220F28D2000020A81 /* PostablewithPhoto.swift */ = {isa = PBXFileReference; lastKnownFileType = sourcecode.swift; path = PostablewithPhoto.swift; sourceTree = "<group>"; };
		3B97B5D420F28DF400020A81 /* LegislatorLikeVO.swift */ = {isa = PBXFileReference; lastKnownFileType = sourcecode.swift; path = LegislatorLikeVO.swift; sourceTree = "<group>"; };
		3B97B5D620F28EE800020A81 /* GetLegislatorLikeService.swift */ = {isa = PBXFileReference; lastKnownFileType = sourcecode.swift; path = GetLegislatorLikeService.swift; sourceTree = "<group>"; };
		3B97B5DD20F3402C00020A81 /* PartyLegistorLikeVO.swift */ = {isa = PBXFileReference; lastKnownFileType = sourcecode.swift; path = PartyLegistorLikeVO.swift; sourceTree = "<group>"; };
		3B97B5DF20F340C400020A81 /* GetPartyLegislatorLikeService.swift */ = {isa = PBXFileReference; lastKnownFileType = sourcecode.swift; path = GetPartyLegislatorLikeService.swift; sourceTree = "<group>"; };
		3B97B5E120F35B2500020A81 /* LegislatorDetailVO.swift */ = {isa = PBXFileReference; lastKnownFileType = sourcecode.swift; path = LegislatorDetailVO.swift; sourceTree = "<group>"; };
		3B97B5E320F35C1000020A81 /* GetLegislatorDetailService.swift */ = {isa = PBXFileReference; lastKnownFileType = sourcecode.swift; path = GetLegislatorDetailService.swift; sourceTree = "<group>"; };
		3B97B5E520F3842700020A81 /* LoginService.swift */ = {isa = PBXFileReference; lastKnownFileType = sourcecode.swift; path = LoginService.swift; sourceTree = "<group>"; };
		3B97B5E720F3869900020A81 /* LoginVO.swift */ = {isa = PBXFileReference; lastKnownFileType = sourcecode.swift; path = LoginVO.swift; sourceTree = "<group>"; };
		3BAFF97520EE845A0088F020 /* Region.swift */ = {isa = PBXFileReference; lastKnownFileType = sourcecode.swift; path = Region.swift; sourceTree = "<group>"; };
		3BB1A5BE20EB95B700D4929A /* SearchLegislatorResultTVC.swift */ = {isa = PBXFileReference; lastKnownFileType = sourcecode.swift; path = SearchLegislatorResultTVC.swift; sourceTree = "<group>"; };
		3BB1A5C020EB965600D4929A /* SearchLegislatorResultTVCell.swift */ = {isa = PBXFileReference; lastKnownFileType = sourcecode.swift; path = SearchLegislatorResultTVCell.swift; sourceTree = "<group>"; };
		3BB1A5C220EB9EC000D4929A /* SampleLegislator.swift */ = {isa = PBXFileReference; lastKnownFileType = sourcecode.swift; path = SampleLegislator.swift; sourceTree = "<group>"; };
		3BB4308720EC9453002980D9 /* CommunityResultTVC.swift */ = {isa = PBXFileReference; lastKnownFileType = sourcecode.swift; path = CommunityResultTVC.swift; sourceTree = "<group>"; };
		3BB4308C20ECE8BF002980D9 /* PartyListDetailPageMenuVC.swift */ = {isa = PBXFileReference; lastKnownFileType = sourcecode.swift; path = PartyListDetailPageMenuVC.swift; sourceTree = "<group>"; };
		3BB4308E20ECE914002980D9 /* PartyListDetailLikeTVC.swift */ = {isa = PBXFileReference; lastKnownFileType = sourcecode.swift; path = PartyListDetailLikeTVC.swift; sourceTree = "<group>"; };
		3BB4309020ECE951002980D9 /* PartyListDetailDislikeTVC.swift */ = {isa = PBXFileReference; lastKnownFileType = sourcecode.swift; path = PartyListDetailDislikeTVC.swift; sourceTree = "<group>"; };
		3BCF932D20F15CA500E9E7F7 /* SupportPopupView.swift */ = {isa = PBXFileReference; lastKnownFileType = sourcecode.swift; path = SupportPopupView.swift; sourceTree = "<group>"; };
		3BCF932F20F15F5F00E9E7F7 /* Modal.swift */ = {isa = PBXFileReference; lastKnownFileType = sourcecode.swift; path = Modal.swift; sourceTree = "<group>"; };
		3BCF933120F15F6700E9E7F7 /* CustomAlert.swift */ = {isa = PBXFileReference; lastKnownFileType = sourcecode.swift; path = CustomAlert.swift; sourceTree = "<group>"; };
		3BCF933520F1656600E9E7F7 /* SupportPopup.xib */ = {isa = PBXFileReference; lastKnownFileType = file.xib; path = SupportPopup.xib; sourceTree = "<group>"; };
		3BCF933720F16B4700E9E7F7 /* CompletePopup.xib */ = {isa = PBXFileReference; lastKnownFileType = file.xib; path = CompletePopup.xib; sourceTree = "<group>"; };
		3BCF933920F16F8F00E9E7F7 /* CompletePopupView.swift */ = {isa = PBXFileReference; lastKnownFileType = sourcecode.swift; path = CompletePopupView.swift; sourceTree = "<group>"; };
		3BCF933B20F1854300E9E7F7 /* SampleLegislatorData.swift */ = {isa = PBXFileReference; lastKnownFileType = sourcecode.swift; path = SampleLegislatorData.swift; sourceTree = "<group>"; };
		3BFCE31020F4D9B500C21AEB /* CommunityLikeService.swift */ = {isa = PBXFileReference; lastKnownFileType = sourcecode.swift; path = CommunityLikeService.swift; sourceTree = "<group>"; };
		3BFCE31220F501DF00C21AEB /* CommunityCommentVO.swift */ = {isa = PBXFileReference; lastKnownFileType = sourcecode.swift; path = CommunityCommentVO.swift; sourceTree = "<group>"; };
		3BFCE31420F5022900C21AEB /* CommunityCommentService.swift */ = {isa = PBXFileReference; lastKnownFileType = sourcecode.swift; path = CommunityCommentService.swift; sourceTree = "<group>"; };
		3BFCE31620F51CC700C21AEB /* CommunityCommentWriteService.swift */ = {isa = PBXFileReference; lastKnownFileType = sourcecode.swift; path = CommunityCommentWriteService.swift; sourceTree = "<group>"; };
		3BFCE31820F5251500C21AEB /* BoardDetailViewController.swift */ = {isa = PBXFileReference; lastKnownFileType = sourcecode.swift; path = BoardDetailViewController.swift; sourceTree = "<group>"; };
		430703D420F107D800D37732 /* LegislatorContentSample.swift */ = {isa = PBXFileReference; lastKnownFileType = sourcecode.swift; path = LegislatorContentSample.swift; sourceTree = "<group>"; };
		430703D620F107E500D37732 /* LegislatorContentData.swift */ = {isa = PBXFileReference; lastKnownFileType = sourcecode.swift; path = LegislatorContentData.swift; sourceTree = "<group>"; };
		432BA53620F3674900B33A36 /* ChargeVC.swift */ = {isa = PBXFileReference; lastKnownFileType = sourcecode.swift; path = ChargeVC.swift; sourceTree = "<group>"; };
		432BA53820F3678A00B33A36 /* MyCoinVC.swift */ = {isa = PBXFileReference; lastKnownFileType = sourcecode.swift; path = MyCoinVC.swift; sourceTree = "<group>"; };
		432BA53A20F367C600B33A36 /* ChangeCoinVC.swift */ = {isa = PBXFileReference; lastKnownFileType = sourcecode.swift; path = ChangeCoinVC.swift; sourceTree = "<group>"; };
		4331B01120EFFBD500FA290C /* NoticeVC.swift */ = {isa = PBXFileReference; lastKnownFileType = sourcecode.swift; path = NoticeVC.swift; sourceTree = "<group>"; };
		4351999220EF7EE000D72AAF /* MyFeedVC.swift */ = {isa = PBXFileReference; lastKnownFileType = sourcecode.swift; path = MyFeedVC.swift; sourceTree = "<group>"; };
		4351999520EFE94A00D72AAF /* OtherUserPageVC.swift */ = {isa = PBXFileReference; lastKnownFileType = sourcecode.swift; path = OtherUserPageVC.swift; sourceTree = "<group>"; };
		43537EF520F0AD6E0036435A /* NoticeCell.swift */ = {isa = PBXFileReference; lastKnownFileType = sourcecode.swift; path = NoticeCell.swift; sourceTree = "<group>"; };
		43537EFD20F0E9C50036435A /* LegislatorProfileCell.swift */ = {isa = PBXFileReference; lastKnownFileType = sourcecode.swift; path = LegislatorProfileCell.swift; sourceTree = "<group>"; };
		43537EFF20F0EA070036435A /* LegislatorContentCell.swift */ = {isa = PBXFileReference; lastKnownFileType = sourcecode.swift; path = LegislatorContentCell.swift; sourceTree = "<group>"; };
		43537F0120F0EBA50036435A /* LegislatorRelatedCell.swift */ = {isa = PBXFileReference; lastKnownFileType = sourcecode.swift; path = LegislatorRelatedCell.swift; sourceTree = "<group>"; };
		439D811B20EB2FE5007DAD57 /* Extension.swift */ = {isa = PBXFileReference; fileEncoding = 4; lastKnownFileType = sourcecode.swift; path = Extension.swift; sourceTree = "<group>"; };
		439D811E20EB2FE5007DAD57 /* Base */ = {isa = PBXFileReference; lastKnownFileType = file.storyboard; name = Base; path = Base.lproj/LaunchScreen.storyboard; sourceTree = "<group>"; };
		439D812020EB2FE5007DAD57 /* Base */ = {isa = PBXFileReference; lastKnownFileType = file.storyboard; name = Base; path = Base.lproj/Main.storyboard; sourceTree = "<group>"; };
		439D812320EB2FE5007DAD57 /* CommunityWriteVC.swift */ = {isa = PBXFileReference; fileEncoding = 4; lastKnownFileType = sourcecode.swift; path = CommunityWriteVC.swift; sourceTree = "<group>"; };
		439D812820EB2FE5007DAD57 /* PartyListTVC.swift */ = {isa = PBXFileReference; fileEncoding = 4; lastKnownFileType = sourcecode.swift; path = PartyListTVC.swift; sourceTree = "<group>"; };
		439D812920EB2FE5007DAD57 /* RegionVC.swift */ = {isa = PBXFileReference; fileEncoding = 4; lastKnownFileType = sourcecode.swift; path = RegionVC.swift; sourceTree = "<group>"; };
		439D812A20EB2FE5007DAD57 /* PartyListPageMenuVC.swift */ = {isa = PBXFileReference; fileEncoding = 4; lastKnownFileType = sourcecode.swift; path = PartyListPageMenuVC.swift; sourceTree = "<group>"; };
		439D812F20EB2FE5007DAD57 /* Sample.swift */ = {isa = PBXFileReference; fileEncoding = 4; lastKnownFileType = sourcecode.swift; path = Sample.swift; sourceTree = "<group>"; };
		439D813020EB2FE5007DAD57 /* CommunityTVCell.swift */ = {isa = PBXFileReference; fileEncoding = 4; lastKnownFileType = sourcecode.swift; path = CommunityTVCell.swift; sourceTree = "<group>"; };
		439D813320EB2FE5007DAD57 /* Sub.storyboard */ = {isa = PBXFileReference; fileEncoding = 4; lastKnownFileType = file.storyboard; path = Sub.storyboard; sourceTree = "<group>"; };
		439D813720EB2FE5007DAD57 /* RecommendFirstCell.swift */ = {isa = PBXFileReference; fileEncoding = 4; lastKnownFileType = sourcecode.swift; path = RecommendFirstCell.swift; sourceTree = "<group>"; };
		439D813820EB2FE5007DAD57 /* RecommendSecondCell.swift */ = {isa = PBXFileReference; fileEncoding = 4; lastKnownFileType = sourcecode.swift; path = RecommendSecondCell.swift; sourceTree = "<group>"; };
		439D813920EB2FE5007DAD57 /* ContentVC.swift */ = {isa = PBXFileReference; fileEncoding = 4; lastKnownFileType = sourcecode.swift; path = ContentVC.swift; sourceTree = "<group>"; };
		439D813B20EB2FE5007DAD57 /* Assets.xcassets */ = {isa = PBXFileReference; lastKnownFileType = folder.assetcatalog; path = Assets.xcassets; sourceTree = "<group>"; };
		439D813C20EB2FE5007DAD57 /* AppDelegate.swift */ = {isa = PBXFileReference; fileEncoding = 4; lastKnownFileType = sourcecode.swift; path = AppDelegate.swift; sourceTree = "<group>"; };
		439D813D20EB2FE5007DAD57 /* Info.plist */ = {isa = PBXFileReference; fileEncoding = 4; lastKnownFileType = text.plist.xml; path = Info.plist; sourceTree = "<group>"; };
		43C5137A20ECD81D0017BDD8 /* MyPageVC.swift */ = {isa = PBXFileReference; lastKnownFileType = sourcecode.swift; path = MyPageVC.swift; sourceTree = "<group>"; };
		43C5137D20ECD9D00017BDD8 /* ScrapCVC.swift */ = {isa = PBXFileReference; lastKnownFileType = sourcecode.swift; path = ScrapCVC.swift; sourceTree = "<group>"; };
		43C5137F20ECD9F70017BDD8 /* ScrapCell.swift */ = {isa = PBXFileReference; lastKnownFileType = sourcecode.swift; path = ScrapCell.swift; sourceTree = "<group>"; };
		43D1DAB620EB4F6600B752D1 /* CommentVC.swift */ = {isa = PBXFileReference; lastKnownFileType = sourcecode.swift; path = CommentVC.swift; sourceTree = "<group>"; };
		43D1DAB820EB50FC00B752D1 /* CommentCell.swift */ = {isa = PBXFileReference; lastKnownFileType = sourcecode.swift; path = CommentCell.swift; sourceTree = "<group>"; };
		43D1DABD20EB611C00B752D1 /* RecommentVC.swift */ = {isa = PBXFileReference; lastKnownFileType = sourcecode.swift; path = RecommentVC.swift; sourceTree = "<group>"; };
		43D1DABF20EB613A00B752D1 /* RecommentCell.swift */ = {isa = PBXFileReference; lastKnownFileType = sourcecode.swift; path = RecommentCell.swift; sourceTree = "<group>"; };
		43D1DAC220EB709700B752D1 /* CommentSample.swift */ = {isa = PBXFileReference; lastKnownFileType = sourcecode.swift; path = CommentSample.swift; sourceTree = "<group>"; };
		43D1DAC620EB989B00B752D1 /* RecommentSample.swift */ = {isa = PBXFileReference; lastKnownFileType = sourcecode.swift; path = RecommentSample.swift; sourceTree = "<group>"; };
		43D1DAC820EB9A4E00B752D1 /* CommentData.swift */ = {isa = PBXFileReference; lastKnownFileType = sourcecode.swift; path = CommentData.swift; sourceTree = "<group>"; };
		43D5638F20EEA1BC003F59B1 /* ContentMenuSample.swift */ = {isa = PBXFileReference; lastKnownFileType = sourcecode.swift; path = ContentMenuSample.swift; sourceTree = "<group>"; };
		43D5639120EEA2B3003F59B1 /* ContentMenuData.swift */ = {isa = PBXFileReference; lastKnownFileType = sourcecode.swift; path = ContentMenuData.swift; sourceTree = "<group>"; };
		43E4B7B320F5F9AA00BA68D4 /* ContentsDetailVO.swift */ = {isa = PBXFileReference; lastKnownFileType = sourcecode.swift; path = ContentsDetailVO.swift; sourceTree = "<group>"; };
		43E4B7B520F5F9C900BA68D4 /* ContentsVO.swift */ = {isa = PBXFileReference; lastKnownFileType = sourcecode.swift; path = ContentsVO.swift; sourceTree = "<group>"; };
		43E4B7B720F5F9E800BA68D4 /* RecommendService2.swift */ = {isa = PBXFileReference; lastKnownFileType = sourcecode.swift; name = RecommendService2.swift; path = Jungnami/JH/Util/Data/VO/RecommendService2.swift; sourceTree = SOURCE_ROOT; };
		43E4B7B920F5FA0200BA68D4 /* ContentDetailService.swift */ = {isa = PBXFileReference; lastKnownFileType = sourcecode.swift; name = ContentDetailService.swift; path = Jungnami/JH/Util/Data/VO/ContentDetailService.swift; sourceTree = SOURCE_ROOT; };
		43E5D27320F06D980020DEBE /* MyPageSample.swift */ = {isa = PBXFileReference; lastKnownFileType = sourcecode.swift; path = MyPageSample.swift; sourceTree = "<group>"; };
		43E5D27620F06EC30020DEBE /* MyPageData.swift */ = {isa = PBXFileReference; lastKnownFileType = sourcecode.swift; path = MyPageData.swift; sourceTree = "<group>"; };
		43E5D27920F078D50020DEBE /* LegislatorDetailVC.swift */ = {isa = PBXFileReference; lastKnownFileType = sourcecode.swift; path = LegislatorDetailVC.swift; sourceTree = "<group>"; };
		43E84BF520EDF811007C6C97 /* ScrapSample.swift */ = {isa = PBXFileReference; lastKnownFileType = sourcecode.swift; path = ScrapSample.swift; sourceTree = "<group>"; };
		43E84BF720EDF854007C6C97 /* ScrapData.swift */ = {isa = PBXFileReference; lastKnownFileType = sourcecode.swift; path = ScrapData.swift; sourceTree = "<group>"; };
		43E84BFA20EE2E42007C6C97 /* ContentDetailVC.swift */ = {isa = PBXFileReference; lastKnownFileType = sourcecode.swift; path = ContentDetailVC.swift; sourceTree = "<group>"; };
		43E84BFC20EE2F07007C6C97 /* ContentDetailCell.swift */ = {isa = PBXFileReference; lastKnownFileType = sourcecode.swift; path = ContentDetailCell.swift; sourceTree = "<group>"; };
		43E84BFE20EE3EAE007C6C97 /* ContentSample.swift */ = {isa = PBXFileReference; lastKnownFileType = sourcecode.swift; path = ContentSample.swift; sourceTree = "<group>"; };
		43E84C0320EE3FCD007C6C97 /* ContentData.swift */ = {isa = PBXFileReference; lastKnownFileType = sourcecode.swift; path = ContentData.swift; sourceTree = "<group>"; };
		43EDECAF20F1B25B00E0F0E9 /* ContentRecommendVC.swift */ = {isa = PBXFileReference; lastKnownFileType = sourcecode.swift; path = ContentRecommendVC.swift; sourceTree = "<group>"; };
		43EDECB120F1C60500E0F0E9 /* ContentTmiVC.swift */ = {isa = PBXFileReference; lastKnownFileType = sourcecode.swift; path = ContentTmiVC.swift; sourceTree = "<group>"; };
		43EDECB320F1C6D500E0F0E9 /* ContentStoryVC.swift */ = {isa = PBXFileReference; lastKnownFileType = sourcecode.swift; path = ContentStoryVC.swift; sourceTree = "<group>"; };
		43EDECB920F1C94600E0F0E9 /* TmiFirstCell.swift */ = {isa = PBXFileReference; lastKnownFileType = sourcecode.swift; path = TmiFirstCell.swift; sourceTree = "<group>"; };
		43EDECBB20F1C97000E0F0E9 /* TmiSecondCell.swift */ = {isa = PBXFileReference; lastKnownFileType = sourcecode.swift; path = TmiSecondCell.swift; sourceTree = "<group>"; };
		43EDECBE20F1CA9400E0F0E9 /* StoryFirstCell.swift */ = {isa = PBXFileReference; lastKnownFileType = sourcecode.swift; path = StoryFirstCell.swift; sourceTree = "<group>"; };
		43EDECC020F1CAA200E0F0E9 /* StorySecondCell.swift */ = {isa = PBXFileReference; lastKnownFileType = sourcecode.swift; path = StorySecondCell.swift; sourceTree = "<group>"; };
		43EDECC220F2039000E0F0E9 /* FollowListVC.swift */ = {isa = PBXFileReference; lastKnownFileType = sourcecode.swift; path = FollowListVC.swift; sourceTree = "<group>"; };
		43EDECC520F2051500E0F0E9 /* FollowCell.swift */ = {isa = PBXFileReference; lastKnownFileType = sourcecode.swift; path = FollowCell.swift; sourceTree = "<group>"; };
		43EDECC720F205B300E0F0E9 /* FollowerFixedCell.swift */ = {isa = PBXFileReference; lastKnownFileType = sourcecode.swift; path = FollowerFixedCell.swift; sourceTree = "<group>"; };
		43EDECC920F2063E00E0F0E9 /* FollowerListVC.swift */ = {isa = PBXFileReference; lastKnownFileType = sourcecode.swift; path = FollowerListVC.swift; sourceTree = "<group>"; };
		43EDECCB20F208FA00E0F0E9 /* FollowListSample.swift */ = {isa = PBXFileReference; lastKnownFileType = sourcecode.swift; path = FollowListSample.swift; sourceTree = "<group>"; };
		43EDECCD20F2095E00E0F0E9 /* FollowListData.swift */ = {isa = PBXFileReference; lastKnownFileType = sourcecode.swift; path = FollowListData.swift; sourceTree = "<group>"; };
		43EDECD120F20C8700E0F0E9 /* FollowFixedCell.swift */ = {isa = PBXFileReference; lastKnownFileType = sourcecode.swift; path = FollowFixedCell.swift; sourceTree = "<group>"; };
		43EDECD320F20C9A00E0F0E9 /* FollowerCell.swift */ = {isa = PBXFileReference; lastKnownFileType = sourcecode.swift; path = FollowerCell.swift; sourceTree = "<group>"; };
		43EDECD620F26A7600E0F0E9 /* NoticeSample.swift */ = {isa = PBXFileReference; lastKnownFileType = sourcecode.swift; path = NoticeSample.swift; sourceTree = "<group>"; };
		744C0104DC536AD11F511D74 /* Pods_Jungnami.framework */ = {isa = PBXFileReference; explicitFileType = wrapper.framework; includeInIndex = 0; path = Pods_Jungnami.framework; sourceTree = BUILT_PRODUCTS_DIR; };
		D460A20ABACB58096DFE5D7A /* Pods-Jungnami.debug.xcconfig */ = {isa = PBXFileReference; includeInIndex = 1; lastKnownFileType = text.xcconfig; name = "Pods-Jungnami.debug.xcconfig"; path = "Pods/Target Support Files/Pods-Jungnami/Pods-Jungnami.debug.xcconfig"; sourceTree = "<group>"; };
/* End PBXFileReference section */

/* Begin PBXFrameworksBuildPhase section */
		3B297F6A20E8A74100B82B0B /* Frameworks */ = {
			isa = PBXFrameworksBuildPhase;
			buildActionMask = 2147483647;
			files = (
				B0FAAE4A343BF869C79BD42B /* Pods_Jungnami.framework in Frameworks */,
				3B97B5BA20F2006E00020A81 /* KakaoOpenSDK.framework in Frameworks */,
			);
			runOnlyForDeploymentPostprocessing = 0;
		};
/* End PBXFrameworksBuildPhase section */

/* Begin PBXGroup section */
		3B08969D20EEB53A00BFBCBC /* Main */ = {
			isa = PBXGroup;
			children = (
				3B0896A020EEBA2B00BFBCBC /* MainPageMenuVC.swift */,
				3B0475F020EEBD8D00D30A4D /* MainLikeTVC.swift */,
				3B0475F220EEBD9B00D30A4D /* MainDislikeTVC.swift */,
				3B8254FD20EF674D00ABCB59 /* MainFirstSectionTVCell.swift */,
				3B8254FF20EF675F00ABCB59 /* MainTVCell.swift */,
			);
			path = Main;
			sourceTree = "<group>";
		};
		3B297F6420E8A74000B82B0B = {
			isa = PBXGroup;
			children = (
				3B297F6E20E8A74100B82B0B /* Products */,
				439D811720EB2FE5007DAD57 /* Jungnami */,
				DD766978F81EEEB6DE8D5083 /* Pods */,
				DBF1C7D4E75F34E568FC6E76 /* Frameworks */,
			);
			sourceTree = "<group>";
		};
		3B297F6E20E8A74100B82B0B /* Products */ = {
			isa = PBXGroup;
			children = (
				3B297F6D20E8A74100B82B0B /* Jungnami.app */,
			);
			name = Products;
			sourceTree = "<group>";
		};
		3B6B031620EE52E200034C9B /* Data */ = {
			isa = PBXGroup;
			children = (
				3B97B5C920F28C6700020A81 /* Service */,
				3B97B5C820F28C5300020A81 /* VO */,
				3B6B031720EE52F000034C9B /* SingleTon */,
			);
			path = Data;
			sourceTree = "<group>";
		};
		3B6B031720EE52F000034C9B /* SingleTon */ = {
			isa = PBXGroup;
			children = (
				3B6B031820EE530000034C9B /* ColorChip.swift */,
				3B6B031A20EE530A00034C9B /* PartyList.swift */,
				3BAFF97520EE845A0088F020 /* Region.swift */,
				3B97B5C420F2432800020A81 /* TapDelegate.swift */,
				3B97B5C620F25BA700020A81 /* Storyboard.swift */,
				3B97B5CA20F28C8800020A81 /* HttpResponseCode.swift */,
			);
			path = SingleTon;
			sourceTree = "<group>";
		};
		3B97B5B820F1FAD200020A81 /* Login */ = {
			isa = PBXGroup;
			children = (
				3B97B5BF20F205E300020A81 /* LoginVC.swift */,
			);
			path = Login;
			sourceTree = "<group>";
		};
		3B97B5C320F22B8900020A81 /* Tabbar */ = {
			isa = PBXGroup;
			children = (
				3B97B5C120F212AF00020A81 /* TabbarVC.swift */,
			);
			path = Tabbar;
			sourceTree = "<group>";
		};
		3B97B5C820F28C5300020A81 /* VO */ = {
			isa = PBXGroup;
			children = (
				3B97B5D420F28DF400020A81 /* LegislatorLikeVO.swift */,
				3B97B5DD20F3402C00020A81 /* PartyLegistorLikeVO.swift */,
				3B97B5E120F35B2500020A81 /* LegislatorDetailVO.swift */,
				3B97B5E720F3869900020A81 /* LoginVO.swift */,
				3B94985020F3BD2400BFA81E /* CommunityWriteVO.swift */,
				3B94985420F3E3A300BFA81E /* PointVO.swift */,
				3B94985E20F3FDA500BFA81E /* CoinVO.swift */,
				3B94985820F3EC8000BFA81E /* MessageVO.swift */,
				3B94986020F4A00300BFA81E /* CommunityVO.swift */,
				3BFCE31220F501DF00C21AEB /* CommunityCommentVO.swift */,
			);
			path = VO;
			sourceTree = "<group>";
		};
		3B97B5C920F28C6700020A81 /* Service */ = {
			isa = PBXGroup;
			children = (
				3B97B5D620F28EE800020A81 /* GetLegislatorLikeService.swift */,
				3B97B5DF20F340C400020A81 /* GetPartyLegislatorLikeService.swift */,
				3B97B5E320F35C1000020A81 /* GetLegislatorDetailService.swift */,
				3B97B5E520F3842700020A81 /* LoginService.swift */,
				3B94984E20F3BC6B00BFA81E /* CommunityWriteService.swift */,
				3B94985220F3E36700BFA81E /* GetPointService.swift */,
				3B94985620F3EBB700BFA81E /* VoteService.swift */,
				3B94985A20F3FCCC00BFA81E /* GetCoinService.swift */,
				3B94985C20F3FCD400BFA81E /* SupportService.swift */,
				3B94986220F4A04400BFA81E /* CommunityService.swift */,
				3B94986420F4C34700BFA81E /* CommunityWriteCompleteService.swift */,
				3BFCE31020F4D9B500C21AEB /* CommunityLikeService.swift */,
				3B47AEAC20F54C8A0054B49A /* CommunityCommentDislikeService.swift */,
				3BFCE31420F5022900C21AEB /* CommunityCommentService.swift */,
				3BFCE31620F51CC700C21AEB /* CommunityCommentWriteService.swift */,
			);
			path = Service;
			sourceTree = "<group>";
		};
		3BB1A5BD20EB958E00D4929A /* SearchLegislatorResult */ = {
			isa = PBXGroup;
			children = (
				3BB1A5BE20EB95B700D4929A /* SearchLegislatorResultTVC.swift */,
				3BB1A5C020EB965600D4929A /* SearchLegislatorResultTVCell.swift */,
			);
			path = SearchLegislatorResult;
			sourceTree = "<group>";
		};
		3BB4308620EC9437002980D9 /* CommunityResultTVC */ = {
			isa = PBXGroup;
			children = (
				3BB4308720EC9453002980D9 /* CommunityResultTVC.swift */,
			);
			path = CommunityResultTVC;
			sourceTree = "<group>";
		};
		3BB4308920ECDF5B002980D9 /* PartyListDetail */ = {
			isa = PBXGroup;
			children = (
				3BB4308C20ECE8BF002980D9 /* PartyListDetailPageMenuVC.swift */,
				3BB4308E20ECE914002980D9 /* PartyListDetailLikeTVC.swift */,
				3BB4309020ECE951002980D9 /* PartyListDetailDislikeTVC.swift */,
				3B6B030B20EE0A2300034C9B /* PartyListDetailFirstSectionTVCell.swift */,
				3B6B030920EE09F700034C9B /* PartyListDetailTVcell.swift */,
			);
			path = PartyListDetail;
			sourceTree = "<group>";
		};
		3BCF932A20F1575500E9E7F7 /* Alert */ = {
			isa = PBXGroup;
			children = (
				3BCF932D20F15CA500E9E7F7 /* SupportPopupView.swift */,
				3BCF933920F16F8F00E9E7F7 /* CompletePopupView.swift */,
				3BCF932F20F15F5F00E9E7F7 /* Modal.swift */,
				3BCF933120F15F6700E9E7F7 /* CustomAlert.swift */,
				3BCF933520F1656600E9E7F7 /* SupportPopup.xib */,
				3BCF933720F16B4700E9E7F7 /* CompletePopup.xib */,
			);
			path = Alert;
			sourceTree = "<group>";
		};
		432BA53420F3658700B33A36 /* charge */ = {
			isa = PBXGroup;
			children = (
				432BA53620F3674900B33A36 /* ChargeVC.swift */,
				432BA53820F3678A00B33A36 /* MyCoinVC.swift */,
				432BA53A20F367C600B33A36 /* ChangeCoinVC.swift */,
			);
			path = charge;
			sourceTree = "<group>";
		};
		4331B01020EFFBB000FA290C /* Notice */ = {
			isa = PBXGroup;
			children = (
				4331B01120EFFBD500FA290C /* NoticeVC.swift */,
				43537EF520F0AD6E0036435A /* NoticeCell.swift */,
			);
			path = Notice;
			sourceTree = "<group>";
		};
		4351999420EFE92600D72AAF /* OtherUserPage */ = {
			isa = PBXGroup;
			children = (
				4351999520EFE94A00D72AAF /* OtherUserPageVC.swift */,
			);
			path = OtherUserPage;
			sourceTree = "<group>";
		};
		43537F0320F0F0F50036435A /* Legislator */ = {
			isa = PBXGroup;
			children = (
				3BB1A5C220EB9EC000D4929A /* SampleLegislator.swift */,
				3BCF933B20F1854300E9E7F7 /* SampleLegislatorData.swift */,
				430703D420F107D800D37732 /* LegislatorContentSample.swift */,
				430703D620F107E500D37732 /* LegislatorContentData.swift */,
			);
			path = Legislator;
			sourceTree = "<group>";
		};
		439D811720EB2FE5007DAD57 /* Jungnami */ = {
			isa = PBXGroup;
			children = (
				439D811820EB2FE5007DAD57 /* SJ */,
				439D813120EB2FE5007DAD57 /* JH */,
				439D813B20EB2FE5007DAD57 /* Assets.xcassets */,
				3B97B5B920F2006D00020A81 /* KakaoOpenSDK.framework */,
				439D813C20EB2FE5007DAD57 /* AppDelegate.swift */,
				439D813D20EB2FE5007DAD57 /* Info.plist */,
			);
			path = Jungnami;
			sourceTree = "<group>";
		};
		439D811820EB2FE5007DAD57 /* SJ */ = {
			isa = PBXGroup;
			children = (
				439D811920EB2FE5007DAD57 /* Util */,
				439D811C20EB2FE5007DAD57 /* Storyboard */,
				439D812120EB2FE5007DAD57 /* VC */,
				3B97B5BC20F201F700020A81 /* kakaoLogin.cpp */,
				3B97B5BD20F201F700020A81 /* kakaoLogin.hpp */,
				3B97B5BB20F201F600020A81 /* Jungnami-Bridging-Header.h */,
			);
			path = SJ;
			sourceTree = "<group>";
		};
		439D811920EB2FE5007DAD57 /* Util */ = {
			isa = PBXGroup;
			children = (
				3B6B031620EE52E200034C9B /* Data */,
				439D811A20EB2FE5007DAD57 /* Utility */,
			);
			path = Util;
			sourceTree = "<group>";
		};
		439D811A20EB2FE5007DAD57 /* Utility */ = {
			isa = PBXGroup;
			children = (
				439D811B20EB2FE5007DAD57 /* Extension.swift */,
				3B97B5CC20F28CB500020A81 /* APIService.swift */,
				3B97B5CE20F28CE400020A81 /* GettableService.swift */,
				3B97B5D020F28CFB00020A81 /* PostableService.swift */,
				3B97B5D220F28D2000020A81 /* PostablewithPhoto.swift */,
			);
			path = Utility;
			sourceTree = "<group>";
		};
		439D811C20EB2FE5007DAD57 /* Storyboard */ = {
			isa = PBXGroup;
			children = (
				439D811D20EB2FE5007DAD57 /* LaunchScreen.storyboard */,
				439D811F20EB2FE5007DAD57 /* Main.storyboard */,
				3B83165E20F137A2001D2423 /* Community.storyboard */,
				3B83166020F138A4001D2423 /* Rank.storyboard */,
				3B47AEB020F5EC2D0054B49A /* Mypage.storyboard */,
			);
			path = Storyboard;
			sourceTree = "<group>";
		};
		439D812120EB2FE5007DAD57 /* VC */ = {
			isa = PBXGroup;
			children = (
				3B97B5C320F22B8900020A81 /* Tabbar */,
				3B97B5B820F1FAD200020A81 /* Login */,
				3B08969D20EEB53A00BFBCBC /* Main */,
				439D812B20EB2FE5007DAD57 /* Community */,
				439D812220EB2FE5007DAD57 /* CommunityWrite */,
				3BB4308620EC9437002980D9 /* CommunityResultTVC */,
				43D1DAB520EB4F2C00B752D1 /* Comment */,
				439D812720EB2FE5007DAD57 /* PartyList */,
				3BB4308920ECDF5B002980D9 /* PartyListDetail */,
				3BB1A5BD20EB958E00D4929A /* SearchLegislatorResult */,
				43E5D27820F078B60020DEBE /* LegislatorDetail */,
				43537F0320F0F0F50036435A /* Legislator */,
			);
			path = VC;
			sourceTree = "<group>";
		};
		439D812220EB2FE5007DAD57 /* CommunityWrite */ = {
			isa = PBXGroup;
			children = (
				439D812320EB2FE5007DAD57 /* CommunityWriteVC.swift */,
			);
			path = CommunityWrite;
			sourceTree = "<group>";
		};
		439D812720EB2FE5007DAD57 /* PartyList */ = {
			isa = PBXGroup;
			children = (
				439D812A20EB2FE5007DAD57 /* PartyListPageMenuVC.swift */,
				439D812820EB2FE5007DAD57 /* PartyListTVC.swift */,
				439D812920EB2FE5007DAD57 /* RegionVC.swift */,
			);
			path = PartyList;
			sourceTree = "<group>";
		};
		439D812B20EB2FE5007DAD57 /* Community */ = {
			isa = PBXGroup;
			children = (
				3B83165620F104C3001D2423 /* CommunityVC.swift */,
				3B83165820F106E0001D2423 /* CommunityFirstSectionWriteTVCell.swift */,
				3B83165A20F10AF9001D2423 /* CommunityFirstSectionLoginTVCell.swift */,
				439D813020EB2FE5007DAD57 /* CommunityTVCell.swift */,
				439D812F20EB2FE5007DAD57 /* Sample.swift */,
			);
			path = Community;
			sourceTree = "<group>";
		};
		439D813120EB2FE5007DAD57 /* JH */ = {
			isa = PBXGroup;
			children = (
				43E4B7AF20F5F97B00BA68D4 /* Util */,
				439D813220EB2FE5007DAD57 /* Storyboard */,
				439D813420EB2FE5007DAD57 /* VC */,
				43D1DAC120EB708800B752D1 /* Sample */,
			);
			path = JH;
			sourceTree = "<group>";
		};
		439D813220EB2FE5007DAD57 /* Storyboard */ = {
			isa = PBXGroup;
			children = (
				439D813320EB2FE5007DAD57 /* Sub.storyboard */,
			);
			path = Storyboard;
			sourceTree = "<group>";
		};
		439D813420EB2FE5007DAD57 /* VC */ = {
			isa = PBXGroup;
			children = (
				4351999420EFE92600D72AAF /* OtherUserPage */,
				43C5137920ECD7E90017BDD8 /* MyPage */,
				439D813520EB2FE5007DAD57 /* Content */,
			);
			path = VC;
			sourceTree = "<group>";
		};
		439D813520EB2FE5007DAD57 /* Content */ = {
			isa = PBXGroup;
			children = (
				439D813920EB2FE5007DAD57 /* ContentVC.swift */,
				43EDECB520F1C76D00E0F0E9 /* Recommend */,
				43EDECB620F1C78400E0F0E9 /* Tmi */,
				43EDECB820F1C7A200E0F0E9 /* Story */,
				43E84BF920EE1DBD007C6C97 /* ContentDetail */,
			);
			path = Content;
			sourceTree = "<group>";
		};
		439D813620EB2FE5007DAD57 /* cell */ = {
			isa = PBXGroup;
			children = (
				439D813720EB2FE5007DAD57 /* RecommendFirstCell.swift */,
				439D813820EB2FE5007DAD57 /* RecommendSecondCell.swift */,
			);
			path = cell;
			sourceTree = "<group>";
		};
		43C5137920ECD7E90017BDD8 /* MyPage */ = {
			isa = PBXGroup;
			children = (
				43C5137A20ECD81D0017BDD8 /* MyPageVC.swift */,
				432BA53420F3658700B33A36 /* charge */,
				43EDECC420F204DE00E0F0E9 /* FollowFollowing */,
				4331B01020EFFBB000FA290C /* Notice */,
				43C5137C20ECD9870017BDD8 /* Scrap */,
				43E84BEC20EDE1F4007C6C97 /* MyFeed */,
			);
			path = MyPage;
			sourceTree = "<group>";
		};
		43C5137C20ECD9870017BDD8 /* Scrap */ = {
			isa = PBXGroup;
			children = (
				43C5137D20ECD9D00017BDD8 /* ScrapCVC.swift */,
				43C5137F20ECD9F70017BDD8 /* ScrapCell.swift */,
			);
			path = Scrap;
			sourceTree = "<group>";
		};
		43D1DAB520EB4F2C00B752D1 /* Comment */ = {
			isa = PBXGroup;
			children = (
				43D1DABB20EB5AE300B752D1 /* Comment */,
				43D1DABC20EB5AF200B752D1 /* RecommentVC */,
			);
			path = Comment;
			sourceTree = "<group>";
		};
		43D1DABB20EB5AE300B752D1 /* Comment */ = {
			isa = PBXGroup;
			children = (
				43D1DAB620EB4F6600B752D1 /* CommentVC.swift */,
				3BFCE31820F5251500C21AEB /* BoardDetailViewController.swift */,
				43D1DAB820EB50FC00B752D1 /* CommentCell.swift */,
			);
			path = Comment;
			sourceTree = "<group>";
		};
		43D1DABC20EB5AF200B752D1 /* RecommentVC */ = {
			isa = PBXGroup;
			children = (
				43D1DABD20EB611C00B752D1 /* RecommentVC.swift */,
				43D1DABF20EB613A00B752D1 /* RecommentCell.swift */,
			);
			path = RecommentVC;
			sourceTree = "<group>";
		};
		43D1DAC120EB708800B752D1 /* Sample */ = {
			isa = PBXGroup;
			children = (
				43EDECD520F26A6400E0F0E9 /* notice */,
				43E5D27520F06E150020DEBE /* myPage */,
				43D5638E20EEA128003F59B1 /* content */,
				43E84C0020EE3EB1007C6C97 /* comment */,
				43E84C0120EE3EBB007C6C97 /* scrap */,
				43E84C0220EE3ECB007C6C97 /* contentDetail */,
			);
			path = Sample;
			sourceTree = "<group>";
		};
		43D5638E20EEA128003F59B1 /* content */ = {
			isa = PBXGroup;
			children = (
				43D5638F20EEA1BC003F59B1 /* ContentMenuSample.swift */,
				43D5639120EEA2B3003F59B1 /* ContentMenuData.swift */,
			);
			path = content;
			sourceTree = "<group>";
		};
		43E4B7AF20F5F97B00BA68D4 /* Util */ = {
			isa = PBXGroup;
			children = (
				43E4B7B020F5F98100BA68D4 /* Data */,
			);
			path = Util;
			sourceTree = "<group>";
		};
		43E4B7B020F5F98100BA68D4 /* Data */ = {
			isa = PBXGroup;
			children = (
				43E4B7B120F5F98C00BA68D4 /* VO */,
				43E4B7B220F5F99100BA68D4 /* Service */,
			);
			path = Data;
			sourceTree = "<group>";
		};
		43E4B7B120F5F98C00BA68D4 /* VO */ = {
			isa = PBXGroup;
			children = (
				43E4B7B520F5F9C900BA68D4 /* ContentsVO.swift */,
				43E4B7B320F5F9AA00BA68D4 /* ContentsDetailVO.swift */,
			);
			path = VO;
			sourceTree = "<group>";
		};
		43E4B7B220F5F99100BA68D4 /* Service */ = {
			isa = PBXGroup;
			children = (
				43E4B7B720F5F9E800BA68D4 /* RecommendService2.swift */,
				43E4B7B920F5FA0200BA68D4 /* ContentDetailService.swift */,
			);
			path = Service;
			sourceTree = "<group>";
		};
		43E5D27520F06E150020DEBE /* myPage */ = {
			isa = PBXGroup;
			children = (
				43E5D27320F06D980020DEBE /* MyPageSample.swift */,
				43E5D27620F06EC30020DEBE /* MyPageData.swift */,
				43EDECCB20F208FA00E0F0E9 /* FollowListSample.swift */,
				43EDECCD20F2095E00E0F0E9 /* FollowListData.swift */,
			);
			path = myPage;
			sourceTree = "<group>";
		};
		43E5D27820F078B60020DEBE /* LegislatorDetail */ = {
			isa = PBXGroup;
			children = (
				3BCF932A20F1575500E9E7F7 /* Alert */,
				43E5D27920F078D50020DEBE /* LegislatorDetailVC.swift */,
				43537EFD20F0E9C50036435A /* LegislatorProfileCell.swift */,
				43537F0120F0EBA50036435A /* LegislatorRelatedCell.swift */,
				43537EFF20F0EA070036435A /* LegislatorContentCell.swift */,
			);
			path = LegislatorDetail;
			sourceTree = "<group>";
		};
		43E84BEC20EDE1F4007C6C97 /* MyFeed */ = {
			isa = PBXGroup;
			children = (
				4351999220EF7EE000D72AAF /* MyFeedVC.swift */,
			);
			path = MyFeed;
			sourceTree = "<group>";
		};
		43E84BF920EE1DBD007C6C97 /* ContentDetail */ = {
			isa = PBXGroup;
			children = (
				43E84BFA20EE2E42007C6C97 /* ContentDetailVC.swift */,
				43E84BFC20EE2F07007C6C97 /* ContentDetailCell.swift */,
			);
			path = ContentDetail;
			sourceTree = "<group>";
		};
		43E84C0020EE3EB1007C6C97 /* comment */ = {
			isa = PBXGroup;
			children = (
				43D1DAC220EB709700B752D1 /* CommentSample.swift */,
				43D1DAC820EB9A4E00B752D1 /* CommentData.swift */,
				43D1DAC620EB989B00B752D1 /* RecommentSample.swift */,
			);
			path = comment;
			sourceTree = "<group>";
		};
		43E84C0120EE3EBB007C6C97 /* scrap */ = {
			isa = PBXGroup;
			children = (
				43E84BF520EDF811007C6C97 /* ScrapSample.swift */,
				43E84BF720EDF854007C6C97 /* ScrapData.swift */,
			);
			path = scrap;
			sourceTree = "<group>";
		};
		43E84C0220EE3ECB007C6C97 /* contentDetail */ = {
			isa = PBXGroup;
			children = (
				43E84BFE20EE3EAE007C6C97 /* ContentSample.swift */,
				43E84C0320EE3FCD007C6C97 /* ContentData.swift */,
			);
			path = contentDetail;
			sourceTree = "<group>";
		};
		43EDECB520F1C76D00E0F0E9 /* Recommend */ = {
			isa = PBXGroup;
			children = (
				43EDECAF20F1B25B00E0F0E9 /* ContentRecommendVC.swift */,
				439D813620EB2FE5007DAD57 /* cell */,
			);
			path = Recommend;
			sourceTree = "<group>";
		};
		43EDECB620F1C78400E0F0E9 /* Tmi */ = {
			isa = PBXGroup;
			children = (
				43EDECB120F1C60500E0F0E9 /* ContentTmiVC.swift */,
				43EDECB720F1C78F00E0F0E9 /* cell */,
			);
			path = Tmi;
			sourceTree = "<group>";
		};
		43EDECB720F1C78F00E0F0E9 /* cell */ = {
			isa = PBXGroup;
			children = (
				43EDECB920F1C94600E0F0E9 /* TmiFirstCell.swift */,
				43EDECBB20F1C97000E0F0E9 /* TmiSecondCell.swift */,
			);
			path = cell;
			sourceTree = "<group>";
		};
		43EDECB820F1C7A200E0F0E9 /* Story */ = {
			isa = PBXGroup;
			children = (
				43EDECB320F1C6D500E0F0E9 /* ContentStoryVC.swift */,
				43EDECBD20F1C97400E0F0E9 /* cell */,
			);
			path = Story;
			sourceTree = "<group>";
		};
		43EDECBD20F1C97400E0F0E9 /* cell */ = {
			isa = PBXGroup;
			children = (
				43EDECBE20F1CA9400E0F0E9 /* StoryFirstCell.swift */,
				43EDECC020F1CAA200E0F0E9 /* StorySecondCell.swift */,
			);
			path = cell;
			sourceTree = "<group>";
		};
		43EDECC420F204DE00E0F0E9 /* FollowFollowing */ = {
			isa = PBXGroup;
			children = (
				43EDECD020F20C4200E0F0E9 /* Follower */,
				43EDECCF20F20C3100E0F0E9 /* Follow */,
			);
			path = FollowFollowing;
			sourceTree = "<group>";
		};
		43EDECCF20F20C3100E0F0E9 /* Follow */ = {
			isa = PBXGroup;
			children = (
				43EDECC220F2039000E0F0E9 /* FollowListVC.swift */,
				43EDECD120F20C8700E0F0E9 /* FollowFixedCell.swift */,
				43EDECC520F2051500E0F0E9 /* FollowCell.swift */,
			);
			path = Follow;
			sourceTree = "<group>";
		};
		43EDECD020F20C4200E0F0E9 /* Follower */ = {
			isa = PBXGroup;
			children = (
				43EDECC920F2063E00E0F0E9 /* FollowerListVC.swift */,
				43EDECC720F205B300E0F0E9 /* FollowerFixedCell.swift */,
				43EDECD320F20C9A00E0F0E9 /* FollowerCell.swift */,
			);
			path = Follower;
			sourceTree = "<group>";
		};
		43EDECD520F26A6400E0F0E9 /* notice */ = {
			isa = PBXGroup;
			children = (
				43EDECD620F26A7600E0F0E9 /* NoticeSample.swift */,
			);
			path = notice;
			sourceTree = "<group>";
		};
		DBF1C7D4E75F34E568FC6E76 /* Frameworks */ = {
			isa = PBXGroup;
			children = (
				744C0104DC536AD11F511D74 /* Pods_Jungnami.framework */,
			);
			name = Frameworks;
			sourceTree = "<group>";
		};
		DD766978F81EEEB6DE8D5083 /* Pods */ = {
			isa = PBXGroup;
			children = (
				D460A20ABACB58096DFE5D7A /* Pods-Jungnami.debug.xcconfig */,
				27490797B81CB45F1E881443 /* Pods-Jungnami.release.xcconfig */,
			);
			name = Pods;
			sourceTree = "<group>";
		};
/* End PBXGroup section */

/* Begin PBXNativeTarget section */
		3B297F6C20E8A74100B82B0B /* Jungnami */ = {
			isa = PBXNativeTarget;
			buildConfigurationList = 3B297F7F20E8A74100B82B0B /* Build configuration list for PBXNativeTarget "Jungnami" */;
			buildPhases = (
				49E682A9FF80B08F2DFEEA79 /* [CP] Check Pods Manifest.lock */,
				3B297F6920E8A74100B82B0B /* Sources */,
				3B297F6A20E8A74100B82B0B /* Frameworks */,
				3B297F6B20E8A74100B82B0B /* Resources */,
				741849F3DB2807022804D46C /* [CP] Embed Pods Frameworks */,
			);
			buildRules = (
			);
			dependencies = (
			);
			name = Jungnami;
			productName = Jungnami;
			productReference = 3B297F6D20E8A74100B82B0B /* Jungnami.app */;
			productType = "com.apple.product-type.application";
		};
/* End PBXNativeTarget section */

/* Begin PBXProject section */
		3B297F6520E8A74000B82B0B /* Project object */ = {
			isa = PBXProject;
			attributes = {
				LastSwiftUpdateCheck = 0920;
				LastUpgradeCheck = 0920;
				ORGANIZATIONNAME = "";
				TargetAttributes = {
					3B297F6C20E8A74100B82B0B = {
						CreatedOnToolsVersion = 9.2;
						LastSwiftMigration = 0920;
						ProvisioningStyle = Automatic;
					};
				};
			};
			buildConfigurationList = 3B297F6820E8A74000B82B0B /* Build configuration list for PBXProject "Jungnami" */;
			compatibilityVersion = "Xcode 8.0";
			developmentRegion = en;
			hasScannedForEncodings = 0;
			knownRegions = (
				en,
				Base,
			);
			mainGroup = 3B297F6420E8A74000B82B0B;
			productRefGroup = 3B297F6E20E8A74100B82B0B /* Products */;
			projectDirPath = "";
			projectRoot = "";
			targets = (
				3B297F6C20E8A74100B82B0B /* Jungnami */,
			);
		};
/* End PBXProject section */

/* Begin PBXResourcesBuildPhase section */
		3B297F6B20E8A74100B82B0B /* Resources */ = {
			isa = PBXResourcesBuildPhase;
			buildActionMask = 2147483647;
			files = (
				3B83165F20F137A2001D2423 /* Community.storyboard in Resources */,
				3B83166120F138A4001D2423 /* Rank.storyboard in Resources */,
				439D813F20EB2FE5007DAD57 /* LaunchScreen.storyboard in Resources */,
				439D814B20EB2FE5007DAD57 /* Sub.storyboard in Resources */,
				439D815020EB2FE5007DAD57 /* Assets.xcassets in Resources */,
				3BCF933820F16B4700E9E7F7 /* CompletePopup.xib in Resources */,
				3BCF933620F1656600E9E7F7 /* SupportPopup.xib in Resources */,
				3B47AEB120F5EC2D0054B49A /* Mypage.storyboard in Resources */,
				439D815220EB2FE5007DAD57 /* Info.plist in Resources */,
				439D814020EB2FE5007DAD57 /* Main.storyboard in Resources */,
			);
			runOnlyForDeploymentPostprocessing = 0;
		};
/* End PBXResourcesBuildPhase section */

/* Begin PBXShellScriptBuildPhase section */
		49E682A9FF80B08F2DFEEA79 /* [CP] Check Pods Manifest.lock */ = {
			isa = PBXShellScriptBuildPhase;
			buildActionMask = 2147483647;
			files = (
			);
			inputPaths = (
				"${PODS_PODFILE_DIR_PATH}/Podfile.lock",
				"${PODS_ROOT}/Manifest.lock",
			);
			name = "[CP] Check Pods Manifest.lock";
			outputPaths = (
				"$(DERIVED_FILE_DIR)/Pods-Jungnami-checkManifestLockResult.txt",
			);
			runOnlyForDeploymentPostprocessing = 0;
			shellPath = /bin/sh;
			shellScript = "diff \"${PODS_PODFILE_DIR_PATH}/Podfile.lock\" \"${PODS_ROOT}/Manifest.lock\" > /dev/null\nif [ $? != 0 ] ; then\n    # print error to STDERR\n    echo \"error: The sandbox is not in sync with the Podfile.lock. Run 'pod install' or update your CocoaPods installation.\" >&2\n    exit 1\nfi\n# This output is used by Xcode 'outputs' to avoid re-running this script phase.\necho \"SUCCESS\" > \"${SCRIPT_OUTPUT_FILE_0}\"\n";
			showEnvVarsInLog = 0;
		};
		741849F3DB2807022804D46C /* [CP] Embed Pods Frameworks */ = {
			isa = PBXShellScriptBuildPhase;
			buildActionMask = 2147483647;
			files = (
			);
			inputPaths = (
				"${SRCROOT}/Pods/Target Support Files/Pods-Jungnami/Pods-Jungnami-frameworks.sh",
				"${BUILT_PRODUCTS_DIR}/Alamofire/Alamofire.framework",
				"${BUILT_PRODUCTS_DIR}/Kingfisher/Kingfisher.framework",
				"${BUILT_PRODUCTS_DIR}/SnapKit/SnapKit.framework",
				"${BUILT_PRODUCTS_DIR}/SwiftyJSON/SwiftyJSON.framework",
			);
			name = "[CP] Embed Pods Frameworks";
			outputPaths = (
				"${TARGET_BUILD_DIR}/${FRAMEWORKS_FOLDER_PATH}/Alamofire.framework",
				"${TARGET_BUILD_DIR}/${FRAMEWORKS_FOLDER_PATH}/Kingfisher.framework",
				"${TARGET_BUILD_DIR}/${FRAMEWORKS_FOLDER_PATH}/SnapKit.framework",
				"${TARGET_BUILD_DIR}/${FRAMEWORKS_FOLDER_PATH}/SwiftyJSON.framework",
			);
			runOnlyForDeploymentPostprocessing = 0;
			shellPath = /bin/sh;
			shellScript = "\"${SRCROOT}/Pods/Target Support Files/Pods-Jungnami/Pods-Jungnami-frameworks.sh\"\n";
			showEnvVarsInLog = 0;
		};
/* End PBXShellScriptBuildPhase section */

/* Begin PBXSourcesBuildPhase section */
		3B297F6920E8A74100B82B0B /* Sources */ = {
			isa = PBXSourcesBuildPhase;
			buildActionMask = 2147483647;
			files = (
				4331B01220EFFBD500FA290C /* NoticeVC.swift in Sources */,
				3BFCE31520F5022900C21AEB /* CommunityCommentService.swift in Sources */,
				3B6B031B20EE530A00034C9B /* PartyList.swift in Sources */,
				43EDECD420F20C9A00E0F0E9 /* FollowerCell.swift in Sources */,
				430703D720F107E500D37732 /* LegislatorContentData.swift in Sources */,
				43EDECB220F1C60500E0F0E9 /* ContentTmiVC.swift in Sources */,
				3B94985520F3E3A300BFA81E /* PointVO.swift in Sources */,
				43E4B7B820F5F9E800BA68D4 /* RecommendService2.swift in Sources */,
				3B97B5D320F28D2000020A81 /* PostablewithPhoto.swift in Sources */,
				43C5137E20ECD9D00017BDD8 /* ScrapCVC.swift in Sources */,
				43EDECC320F2039000E0F0E9 /* FollowListVC.swift in Sources */,
				3BB1A5C120EB965600D4929A /* SearchLegislatorResultTVCell.swift in Sources */,
				439D814420EB2FE5007DAD57 /* RegionVC.swift in Sources */,
				3B0896A120EEBA2B00BFBCBC /* MainPageMenuVC.swift in Sources */,
				3B97B5CB20F28C8800020A81 /* HttpResponseCode.swift in Sources */,
				43E84BFF20EE3EAE007C6C97 /* ContentSample.swift in Sources */,
				43E84BFB20EE2E42007C6C97 /* ContentDetailVC.swift in Sources */,
				43EDECCA20F2063E00E0F0E9 /* FollowerListVC.swift in Sources */,
				439D814120EB2FE5007DAD57 /* CommunityWriteVC.swift in Sources */,
				4351999620EFE94A00D72AAF /* OtherUserPageVC.swift in Sources */,
				3BFCE31320F501DF00C21AEB /* CommunityCommentVO.swift in Sources */,
				3B97B5BE20F201F700020A81 /* kakaoLogin.cpp in Sources */,
				3B83165720F104C3001D2423 /* CommunityVC.swift in Sources */,
				430703D520F107D800D37732 /* LegislatorContentSample.swift in Sources */,
				3B97B5C720F25BA700020A81 /* Storyboard.swift in Sources */,
				3B47AEAD20F54C8A0054B49A /* CommunityCommentDislikeService.swift in Sources */,
				3BB4309120ECE952002980D9 /* PartyListDetailDislikeTVC.swift in Sources */,
				43E5D27A20F078D50020DEBE /* LegislatorDetailVC.swift in Sources */,
				3B8254FE20EF674D00ABCB59 /* MainFirstSectionTVCell.swift in Sources */,
				43EDECD220F20C8700E0F0E9 /* FollowFixedCell.swift in Sources */,
				3B97B5C220F212AF00020A81 /* TabbarVC.swift in Sources */,
				43E84BFD20EE2F07007C6C97 /* ContentDetailCell.swift in Sources */,
				43EDECCC20F208FA00E0F0E9 /* FollowListSample.swift in Sources */,
				432BA53720F3674900B33A36 /* ChargeVC.swift in Sources */,
				3BB1A5C320EB9EC000D4929A /* SampleLegislator.swift in Sources */,
				3BCF933C20F1854300E9E7F7 /* SampleLegislatorData.swift in Sources */,
				3BB1A5BF20EB95B700D4929A /* SearchLegislatorResultTVC.swift in Sources */,
				3B97B5E020F340C400020A81 /* GetPartyLegislatorLikeService.swift in Sources */,
				3B97B5E220F35B2500020A81 /* LegislatorDetailVO.swift in Sources */,
				3B97B5E820F3869900020A81 /* LoginVO.swift in Sources */,
				43E84BF620EDF811007C6C97 /* ScrapSample.swift in Sources */,
				43EDECC620F2051500E0F0E9 /* FollowCell.swift in Sources */,
				3B94985D20F3FCD400BFA81E /* SupportService.swift in Sources */,
				43E84BF820EDF854007C6C97 /* ScrapData.swift in Sources */,
				3B82550020EF675F00ABCB59 /* MainTVCell.swift in Sources */,
				43EDECBF20F1CA9500E0F0E9 /* StoryFirstCell.swift in Sources */,
				439D814D20EB2FE5007DAD57 /* RecommendSecondCell.swift in Sources */,
				43D1DAC320EB709700B752D1 /* CommentSample.swift in Sources */,
				439D814E20EB2FE5007DAD57 /* ContentVC.swift in Sources */,
				43EDECC820F205B300E0F0E9 /* FollowerFixedCell.swift in Sources */,
				3B97B5DE20F3402C00020A81 /* PartyLegistorLikeVO.swift in Sources */,
				3B94985320F3E36700BFA81E /* GetPointService.swift in Sources */,
				43537EF620F0AD6E0036435A /* NoticeCell.swift in Sources */,
				43E5D27720F06EC30020DEBE /* MyPageData.swift in Sources */,
				43EDECB420F1C6D500E0F0E9 /* ContentStoryVC.swift in Sources */,
				43EDECCE20F2095E00E0F0E9 /* FollowListData.swift in Sources */,
				3BFCE31120F4D9B500C21AEB /* CommunityLikeService.swift in Sources */,
				43D1DAB720EB4F6600B752D1 /* CommentVC.swift in Sources */,
				3B94985F20F3FDA500BFA81E /* CoinVO.swift in Sources */,
				3BCF932E20F15CA500E9E7F7 /* SupportPopupView.swift in Sources */,
				3BAFF97620EE845A0088F020 /* Region.swift in Sources */,
				43537EFE20F0E9C50036435A /* LegislatorProfileCell.swift in Sources */,
				43D5639220EEA2B3003F59B1 /* ContentMenuData.swift in Sources */,
				3B94986120F4A00300BFA81E /* CommunityVO.swift in Sources */,
				3BCF933220F15F6700E9E7F7 /* CustomAlert.swift in Sources */,
				439D814920EB2FE5007DAD57 /* Sample.swift in Sources */,
				3B6B030C20EE0A2300034C9B /* PartyListDetailFirstSectionTVCell.swift in Sources */,
				43D1DABE20EB611C00B752D1 /* RecommentVC.swift in Sources */,
				3B97B5C020F205E300020A81 /* LoginVC.swift in Sources */,
				43D1DAC020EB613A00B752D1 /* RecommentCell.swift in Sources */,
				3B94985920F3EC8000BFA81E /* MessageVO.swift in Sources */,
				3B94986520F4C34700BFA81E /* CommunityWriteCompleteService.swift in Sources */,
				3B94985120F3BD2400BFA81E /* CommunityWriteVO.swift in Sources */,
				43EDECC120F1CAA200E0F0E9 /* StorySecondCell.swift in Sources */,
				43E5D27420F06D980020DEBE /* MyPageSample.swift in Sources */,
				43C5137B20ECD81D0017BDD8 /* MyPageVC.swift in Sources */,
				43D1DAB920EB50FC00B752D1 /* CommentCell.swift in Sources */,
				3B97B5D720F28EE800020A81 /* GetLegislatorLikeService.swift in Sources */,
				439D815120EB2FE5007DAD57 /* AppDelegate.swift in Sources */,
				439D814520EB2FE5007DAD57 /* PartyListPageMenuVC.swift in Sources */,
				3B97B5D520F28DF400020A81 /* LegislatorLikeVO.swift in Sources */,
				439D814C20EB2FE5007DAD57 /* RecommendFirstCell.swift in Sources */,
				43E4B7BA20F5FA0200BA68D4 /* ContentDetailService.swift in Sources */,
				432BA53B20F367C600B33A36 /* ChangeCoinVC.swift in Sources */,
				3BB4308D20ECE8BF002980D9 /* PartyListDetailPageMenuVC.swift in Sources */,
				3BFCE31720F51CC700C21AEB /* CommunityCommentWriteService.swift in Sources */,
				43D1DAC920EB9A4E00B752D1 /* CommentData.swift in Sources */,
				3B97B5C520F2432800020A81 /* TapDelegate.swift in Sources */,
				43D1DAC720EB989B00B752D1 /* RecommentSample.swift in Sources */,
				3B97B5CF20F28CE400020A81 /* GettableService.swift in Sources */,
				43E84C0420EE3FCD007C6C97 /* ContentData.swift in Sources */,
				43C5138020ECD9F70017BDD8 /* ScrapCell.swift in Sources */,
				43EDECB020F1B25B00E0F0E9 /* ContentRecommendVC.swift in Sources */,
				43537F0020F0EA070036435A /* LegislatorContentCell.swift in Sources */,
				43D5639020EEA1BC003F59B1 /* ContentMenuSample.swift in Sources */,
				3B97B5CD20F28CB500020A81 /* APIService.swift in Sources */,
				439D814A20EB2FE5007DAD57 /* CommunityTVCell.swift in Sources */,
				3BCF933020F15F5F00E9E7F7 /* Modal.swift in Sources */,
				3B83165B20F10AF9001D2423 /* CommunityFirstSectionLoginTVCell.swift in Sources */,
				3BB4308F20ECE914002980D9 /* PartyListDetailLikeTVC.swift in Sources */,
				3BB4308820EC9453002980D9 /* CommunityResultTVC.swift in Sources */,
				3B97B5E620F3842700020A81 /* LoginService.swift in Sources */,
				432BA53920F3678A00B33A36 /* MyCoinVC.swift in Sources */,
				43EDECD720F26A7600E0F0E9 /* NoticeSample.swift in Sources */,
				439D814320EB2FE5007DAD57 /* PartyListTVC.swift in Sources */,
				43EDECBC20F1C97000E0F0E9 /* TmiSecondCell.swift in Sources */,
				439D813E20EB2FE5007DAD57 /* Extension.swift in Sources */,
				43E4B7B420F5F9AA00BA68D4 /* ContentsDetailVO.swift in Sources */,
				43EDECBA20F1C94600E0F0E9 /* TmiFirstCell.swift in Sources */,
				3B97B5E420F35C1000020A81 /* GetLegislatorDetailService.swift in Sources */,
				3B97B5D120F28CFB00020A81 /* PostableService.swift in Sources */,
				3B94984F20F3BC6B00BFA81E /* CommunityWriteService.swift in Sources */,
				3B94985720F3EBB700BFA81E /* VoteService.swift in Sources */,
				43537F0220F0EBA50036435A /* LegislatorRelatedCell.swift in Sources */,
				3BCF933A20F16F8F00E9E7F7 /* CompletePopupView.swift in Sources */,
				3B6B030A20EE09F700034C9B /* PartyListDetailTVcell.swift in Sources */,
				3B0475F120EEBD8D00D30A4D /* MainLikeTVC.swift in Sources */,
				3B94985B20F3FCCC00BFA81E /* GetCoinService.swift in Sources */,
				3B83165920F106E0001D2423 /* CommunityFirstSectionWriteTVCell.swift in Sources */,
				4351999320EF7EE000D72AAF /* MyFeedVC.swift in Sources */,
				43E4B7B620F5F9C900BA68D4 /* ContentsVO.swift in Sources */,
				3BFCE31920F5251500C21AEB /* BoardDetailViewController.swift in Sources */,
				3B0475F320EEBD9B00D30A4D /* MainDislikeTVC.swift in Sources */,
				3B6B031920EE530000034C9B /* ColorChip.swift in Sources */,
				3B94986320F4A04400BFA81E /* CommunityService.swift in Sources */,
			);
			runOnlyForDeploymentPostprocessing = 0;
		};
/* End PBXSourcesBuildPhase section */

/* Begin PBXVariantGroup section */
		439D811D20EB2FE5007DAD57 /* LaunchScreen.storyboard */ = {
			isa = PBXVariantGroup;
			children = (
				439D811E20EB2FE5007DAD57 /* Base */,
			);
			name = LaunchScreen.storyboard;
			sourceTree = "<group>";
		};
		439D811F20EB2FE5007DAD57 /* Main.storyboard */ = {
			isa = PBXVariantGroup;
			children = (
				439D812020EB2FE5007DAD57 /* Base */,
			);
			name = Main.storyboard;
			sourceTree = "<group>";
		};
/* End PBXVariantGroup section */

/* Begin XCBuildConfiguration section */
		3B297F7D20E8A74100B82B0B /* Debug */ = {
			isa = XCBuildConfiguration;
			buildSettings = {
				ALWAYS_SEARCH_USER_PATHS = NO;
				CLANG_ANALYZER_NONNULL = YES;
				CLANG_ANALYZER_NUMBER_OBJECT_CONVERSION = YES_AGGRESSIVE;
				CLANG_CXX_LANGUAGE_STANDARD = "gnu++14";
				CLANG_CXX_LIBRARY = "libc++";
				CLANG_ENABLE_MODULES = YES;
				CLANG_ENABLE_OBJC_ARC = YES;
				CLANG_WARN_BLOCK_CAPTURE_AUTORELEASING = YES;
				CLANG_WARN_BOOL_CONVERSION = YES;
				CLANG_WARN_COMMA = YES;
				CLANG_WARN_CONSTANT_CONVERSION = YES;
				CLANG_WARN_DIRECT_OBJC_ISA_USAGE = YES_ERROR;
				CLANG_WARN_DOCUMENTATION_COMMENTS = YES;
				CLANG_WARN_EMPTY_BODY = YES;
				CLANG_WARN_ENUM_CONVERSION = YES;
				CLANG_WARN_INFINITE_RECURSION = YES;
				CLANG_WARN_INT_CONVERSION = YES;
				CLANG_WARN_NON_LITERAL_NULL_CONVERSION = YES;
				CLANG_WARN_OBJC_LITERAL_CONVERSION = YES;
				CLANG_WARN_OBJC_ROOT_CLASS = YES_ERROR;
				CLANG_WARN_RANGE_LOOP_ANALYSIS = YES;
				CLANG_WARN_STRICT_PROTOTYPES = YES;
				CLANG_WARN_SUSPICIOUS_MOVE = YES;
				CLANG_WARN_UNGUARDED_AVAILABILITY = YES_AGGRESSIVE;
				CLANG_WARN_UNREACHABLE_CODE = YES;
				CLANG_WARN__DUPLICATE_METHOD_MATCH = YES;
				CODE_SIGN_IDENTITY = "iPhone Developer";
				COPY_PHASE_STRIP = NO;
				DEBUG_INFORMATION_FORMAT = dwarf;
				ENABLE_STRICT_OBJC_MSGSEND = YES;
				ENABLE_TESTABILITY = YES;
				GCC_C_LANGUAGE_STANDARD = gnu11;
				GCC_DYNAMIC_NO_PIC = NO;
				GCC_NO_COMMON_BLOCKS = YES;
				GCC_OPTIMIZATION_LEVEL = 0;
				GCC_PREPROCESSOR_DEFINITIONS = (
					"DEBUG=1",
					"$(inherited)",
				);
				GCC_WARN_64_TO_32_BIT_CONVERSION = YES;
				GCC_WARN_ABOUT_RETURN_TYPE = YES_ERROR;
				GCC_WARN_UNDECLARED_SELECTOR = YES;
				GCC_WARN_UNINITIALIZED_AUTOS = YES_AGGRESSIVE;
				GCC_WARN_UNUSED_FUNCTION = YES;
				GCC_WARN_UNUSED_VARIABLE = YES;
				IPHONEOS_DEPLOYMENT_TARGET = 11.0;
				MTL_ENABLE_DEBUG_INFO = YES;
				ONLY_ACTIVE_ARCH = YES;
				SDKROOT = iphoneos;
				SWIFT_ACTIVE_COMPILATION_CONDITIONS = DEBUG;
				SWIFT_OPTIMIZATION_LEVEL = "-Onone";
			};
			name = Debug;
		};
		3B297F7E20E8A74100B82B0B /* Release */ = {
			isa = XCBuildConfiguration;
			buildSettings = {
				ALWAYS_SEARCH_USER_PATHS = NO;
				CLANG_ANALYZER_NONNULL = YES;
				CLANG_ANALYZER_NUMBER_OBJECT_CONVERSION = YES_AGGRESSIVE;
				CLANG_CXX_LANGUAGE_STANDARD = "gnu++14";
				CLANG_CXX_LIBRARY = "libc++";
				CLANG_ENABLE_MODULES = YES;
				CLANG_ENABLE_OBJC_ARC = YES;
				CLANG_WARN_BLOCK_CAPTURE_AUTORELEASING = YES;
				CLANG_WARN_BOOL_CONVERSION = YES;
				CLANG_WARN_COMMA = YES;
				CLANG_WARN_CONSTANT_CONVERSION = YES;
				CLANG_WARN_DIRECT_OBJC_ISA_USAGE = YES_ERROR;
				CLANG_WARN_DOCUMENTATION_COMMENTS = YES;
				CLANG_WARN_EMPTY_BODY = YES;
				CLANG_WARN_ENUM_CONVERSION = YES;
				CLANG_WARN_INFINITE_RECURSION = YES;
				CLANG_WARN_INT_CONVERSION = YES;
				CLANG_WARN_NON_LITERAL_NULL_CONVERSION = YES;
				CLANG_WARN_OBJC_LITERAL_CONVERSION = YES;
				CLANG_WARN_OBJC_ROOT_CLASS = YES_ERROR;
				CLANG_WARN_RANGE_LOOP_ANALYSIS = YES;
				CLANG_WARN_STRICT_PROTOTYPES = YES;
				CLANG_WARN_SUSPICIOUS_MOVE = YES;
				CLANG_WARN_UNGUARDED_AVAILABILITY = YES_AGGRESSIVE;
				CLANG_WARN_UNREACHABLE_CODE = YES;
				CLANG_WARN__DUPLICATE_METHOD_MATCH = YES;
				CODE_SIGN_IDENTITY = "iPhone Developer";
				COPY_PHASE_STRIP = NO;
				DEBUG_INFORMATION_FORMAT = "dwarf-with-dsym";
				ENABLE_NS_ASSERTIONS = NO;
				ENABLE_STRICT_OBJC_MSGSEND = YES;
				GCC_C_LANGUAGE_STANDARD = gnu11;
				GCC_NO_COMMON_BLOCKS = YES;
				GCC_WARN_64_TO_32_BIT_CONVERSION = YES;
				GCC_WARN_ABOUT_RETURN_TYPE = YES_ERROR;
				GCC_WARN_UNDECLARED_SELECTOR = YES;
				GCC_WARN_UNINITIALIZED_AUTOS = YES_AGGRESSIVE;
				GCC_WARN_UNUSED_FUNCTION = YES;
				GCC_WARN_UNUSED_VARIABLE = YES;
				IPHONEOS_DEPLOYMENT_TARGET = 11.0;
				MTL_ENABLE_DEBUG_INFO = NO;
				SDKROOT = iphoneos;
				SWIFT_OPTIMIZATION_LEVEL = "-Owholemodule";
				VALIDATE_PRODUCT = YES;
			};
			name = Release;
		};
		3B297F8020E8A74100B82B0B /* Debug */ = {
			isa = XCBuildConfiguration;
			baseConfigurationReference = D460A20ABACB58096DFE5D7A /* Pods-Jungnami.debug.xcconfig */;
			buildSettings = {
				ASSETCATALOG_COMPILER_APPICON_NAME = AppIcon;
				CLANG_ENABLE_MODULES = YES;
				CODE_SIGN_STYLE = Automatic;
				DEVELOPMENT_TEAM = Y4XABUQ539;
				FRAMEWORK_SEARCH_PATHS = (
					"$(inherited)",
					"$(PROJECT_DIR)/Jungnami",
				);
				INFOPLIST_FILE = Jungnami/Info.plist;
				LD_RUNPATH_SEARCH_PATHS = "$(inherited) @executable_path/Frameworks";
				OTHER_LDFLAGS = "-all_load";
				PRODUCT_BUNDLE_IDENTIFIER = kangsujin.Jungnami;
				PRODUCT_NAME = "$(TARGET_NAME)";
				SWIFT_OBJC_BRIDGING_HEADER = "Jungnami/SJ/Jungnami-Bridging-Header.h";
				SWIFT_OPTIMIZATION_LEVEL = "-Onone";
				SWIFT_VERSION = 4.0;
				TARGETED_DEVICE_FAMILY = "1,2";
			};
			name = Debug;
		};
		3B297F8120E8A74100B82B0B /* Release */ = {
			isa = XCBuildConfiguration;
			baseConfigurationReference = 27490797B81CB45F1E881443 /* Pods-Jungnami.release.xcconfig */;
			buildSettings = {
				ASSETCATALOG_COMPILER_APPICON_NAME = AppIcon;
				CLANG_ENABLE_MODULES = YES;
				CODE_SIGN_STYLE = Automatic;
				DEVELOPMENT_TEAM = Y4XABUQ539;
				FRAMEWORK_SEARCH_PATHS = (
					"$(inherited)",
					"$(PROJECT_DIR)/Jungnami",
				);
				INFOPLIST_FILE = Jungnami/Info.plist;
				LD_RUNPATH_SEARCH_PATHS = "$(inherited) @executable_path/Frameworks";
				OTHER_LDFLAGS = "-all_load";
				PRODUCT_BUNDLE_IDENTIFIER = kangsujin.Jungnami;
				PRODUCT_NAME = "$(TARGET_NAME)";
				SWIFT_OBJC_BRIDGING_HEADER = "Jungnami/SJ/Jungnami-Bridging-Header.h";
				SWIFT_VERSION = 4.0;
				TARGETED_DEVICE_FAMILY = "1,2";
			};
			name = Release;
		};
/* End XCBuildConfiguration section */

/* Begin XCConfigurationList section */
		3B297F6820E8A74000B82B0B /* Build configuration list for PBXProject "Jungnami" */ = {
			isa = XCConfigurationList;
			buildConfigurations = (
				3B297F7D20E8A74100B82B0B /* Debug */,
				3B297F7E20E8A74100B82B0B /* Release */,
			);
			defaultConfigurationIsVisible = 0;
			defaultConfigurationName = Release;
		};
		3B297F7F20E8A74100B82B0B /* Build configuration list for PBXNativeTarget "Jungnami" */ = {
			isa = XCConfigurationList;
			buildConfigurations = (
				3B297F8020E8A74100B82B0B /* Debug */,
				3B297F8120E8A74100B82B0B /* Release */,
			);
			defaultConfigurationIsVisible = 0;
			defaultConfigurationName = Release;
		};
/* End XCConfigurationList section */
	};
	rootObject = 3B297F6520E8A74000B82B0B /* Project object */;
}
