// !$*UTF8*$!
{
	archiveVersion = 1;
	classes = {
	};
	objectVersion = 48;
	objects = {

/* Begin PBXBuildFile section */
		3B297F7120E8A74100B82B0B /* AppDelegate.swift in Sources */ = {isa = PBXBuildFile; fileRef = 3B297F7020E8A74100B82B0B /* AppDelegate.swift */; };
		3B297F7620E8A74100B82B0B /* Main.storyboard in Resources */ = {isa = PBXBuildFile; fileRef = 3B297F7420E8A74100B82B0B /* Main.storyboard */; };
		3B297F7820E8A74100B82B0B /* Assets.xcassets in Resources */ = {isa = PBXBuildFile; fileRef = 3B297F7720E8A74100B82B0B /* Assets.xcassets */; };
		3B297F7B20E8A74100B82B0B /* LaunchScreen.storyboard in Resources */ = {isa = PBXBuildFile; fileRef = 3B297F7920E8A74100B82B0B /* LaunchScreen.storyboard */; };
		3B297F8820E8BE4E00B82B0B /* Sub.storyboard in Resources */ = {isa = PBXBuildFile; fileRef = 3B297F8720E8BE4E00B82B0B /* Sub.storyboard */; };
		3B297F8E20E8CD9000B82B0B /* CommunityTVC.swift in Sources */ = {isa = PBXBuildFile; fileRef = 3B297F8D20E8CD9000B82B0B /* CommunityTVC.swift */; };
		3B297F9220E8E65900B82B0B /* NeedLoginVC.swift in Sources */ = {isa = PBXBuildFile; fileRef = 3B297F9120E8E65900B82B0B /* NeedLoginVC.swift */; };
		3B297F9420E8E67D00B82B0B /* WriteVC.swift in Sources */ = {isa = PBXBuildFile; fileRef = 3B297F9320E8E67D00B82B0B /* WriteVC.swift */; };
		3B297F9620E92BCD00B82B0B /* CommunityTVCell.swift in Sources */ = {isa = PBXBuildFile; fileRef = 3B297F9520E92BCD00B82B0B /* CommunityTVCell.swift */; };
		3B297F9820E9365C00B82B0B /* Sample.swift in Sources */ = {isa = PBXBuildFile; fileRef = 3B297F9720E9365C00B82B0B /* Sample.swift */; };
		3B297F9B20E96CB800B82B0B /* CommunityWriteVC.swift in Sources */ = {isa = PBXBuildFile; fileRef = 3B297F9A20E96CB800B82B0B /* CommunityWriteVC.swift */; };
		3BC02C4220EA303C008CA19F /* Extension.swift in Sources */ = {isa = PBXBuildFile; fileRef = 3BC02C4120EA303C008CA19F /* Extension.swift */; };
/* End PBXBuildFile section */

/* Begin PBXFileReference section */
		3B297F6D20E8A74100B82B0B /* Jungnami.app */ = {isa = PBXFileReference; explicitFileType = wrapper.application; includeInIndex = 0; path = Jungnami.app; sourceTree = BUILT_PRODUCTS_DIR; };
		3B297F7020E8A74100B82B0B /* AppDelegate.swift */ = {isa = PBXFileReference; lastKnownFileType = sourcecode.swift; path = AppDelegate.swift; sourceTree = "<group>"; };
		3B297F7520E8A74100B82B0B /* Base */ = {isa = PBXFileReference; lastKnownFileType = file.storyboard; name = Base; path = Base.lproj/Main.storyboard; sourceTree = "<group>"; };
		3B297F7720E8A74100B82B0B /* Assets.xcassets */ = {isa = PBXFileReference; lastKnownFileType = folder.assetcatalog; path = Assets.xcassets; sourceTree = "<group>"; };
		3B297F7A20E8A74100B82B0B /* Base */ = {isa = PBXFileReference; lastKnownFileType = file.storyboard; name = Base; path = Base.lproj/LaunchScreen.storyboard; sourceTree = "<group>"; };
		3B297F7C20E8A74100B82B0B /* Info.plist */ = {isa = PBXFileReference; lastKnownFileType = text.plist.xml; path = Info.plist; sourceTree = "<group>"; };
		3B297F8720E8BE4E00B82B0B /* Sub.storyboard */ = {isa = PBXFileReference; lastKnownFileType = file.storyboard; path = Sub.storyboard; sourceTree = "<group>"; };
		3B297F8D20E8CD9000B82B0B /* CommunityTVC.swift */ = {isa = PBXFileReference; lastKnownFileType = sourcecode.swift; path = CommunityTVC.swift; sourceTree = "<group>"; };
		3B297F9120E8E65900B82B0B /* NeedLoginVC.swift */ = {isa = PBXFileReference; lastKnownFileType = sourcecode.swift; path = NeedLoginVC.swift; sourceTree = "<group>"; };
		3B297F9320E8E67D00B82B0B /* WriteVC.swift */ = {isa = PBXFileReference; lastKnownFileType = sourcecode.swift; path = WriteVC.swift; sourceTree = "<group>"; };
		3B297F9520E92BCD00B82B0B /* CommunityTVCell.swift */ = {isa = PBXFileReference; lastKnownFileType = sourcecode.swift; path = CommunityTVCell.swift; sourceTree = "<group>"; };
		3B297F9720E9365C00B82B0B /* Sample.swift */ = {isa = PBXFileReference; lastKnownFileType = sourcecode.swift; path = Sample.swift; sourceTree = "<group>"; };
		3B297F9A20E96CB800B82B0B /* CommunityWriteVC.swift */ = {isa = PBXFileReference; lastKnownFileType = sourcecode.swift; path = CommunityWriteVC.swift; sourceTree = "<group>"; };
		3BC02C4120EA303C008CA19F /* Extension.swift */ = {isa = PBXFileReference; lastKnownFileType = sourcecode.swift; path = Extension.swift; sourceTree = "<group>"; };
/* End PBXFileReference section */

/* Begin PBXFrameworksBuildPhase section */
		3B297F6A20E8A74100B82B0B /* Frameworks */ = {
			isa = PBXFrameworksBuildPhase;
			buildActionMask = 2147483647;
			files = (
			);
			runOnlyForDeploymentPostprocessing = 0;
		};
/* End PBXFrameworksBuildPhase section */

/* Begin PBXGroup section */
		3B297F6420E8A74000B82B0B = {
			isa = PBXGroup;
			children = (
				3B297F6F20E8A74100B82B0B /* Jungnami */,
				3B297F6E20E8A74100B82B0B /* Products */,
			);
			sourceTree = "<group>";
		};
		3B297F6E20E8A74100B82B0B /* Products */ = {
			isa = PBXGroup;
			children = (
				3B297F6D20E8A74100B82B0B /* Jungnami.app */,
			);
			name = Products;
			sourceTree = "<group>";
		};
		3B297F6F20E8A74100B82B0B /* Jungnami */ = {
			isa = PBXGroup;
			children = (
				3BC02C3D20EA0492008CA19F /* SJ */,
				3BC02C3C20EA048E008CA19F /* JH */,
				3B297F7020E8A74100B82B0B /* AppDelegate.swift */,
				3B297F7C20E8A74100B82B0B /* Info.plist */,
				3B297F7720E8A74100B82B0B /* Assets.xcassets */,
			);
			path = Jungnami;
			sourceTree = "<group>";
		};
		3B297F8220E8BE0F00B82B0B /* VC */ = {
			isa = PBXGroup;
			children = (
				3B297F9920E96C9700B82B0B /* CommunityWrite */,
				3B297F8320E8BE1A00B82B0B /* Community */,
			);
			path = VC;
			sourceTree = "<group>";
		};
		3B297F8320E8BE1A00B82B0B /* Community */ = {
			isa = PBXGroup;
			children = (
				3B297F8D20E8CD9000B82B0B /* CommunityTVC.swift */,
				3B297F9520E92BCD00B82B0B /* CommunityTVCell.swift */,
				3B297F9120E8E65900B82B0B /* NeedLoginVC.swift */,
				3B297F9320E8E67D00B82B0B /* WriteVC.swift */,
				3B297F9720E9365C00B82B0B /* Sample.swift */,
			);
			path = Community;
			sourceTree = "<group>";
		};
		3B297F8620E8BE3500B82B0B /* Storyboard */ = {
			isa = PBXGroup;
			children = (
				3B297F7920E8A74100B82B0B /* LaunchScreen.storyboard */,
				3B297F7420E8A74100B82B0B /* Main.storyboard */,
			);
			path = Storyboard;
			sourceTree = "<group>";
		};
		3B297F9920E96C9700B82B0B /* CommunityWrite */ = {
			isa = PBXGroup;
			children = (
				3B297F9A20E96CB800B82B0B /* CommunityWriteVC.swift */,
			);
			path = CommunityWrite;
			sourceTree = "<group>";
		};
		3BC02C3C20EA048E008CA19F /* JH */ = {
			isa = PBXGroup;
			children = (
				3BC02C3E20EA049E008CA19F /* Storyboard */,
			);
			path = JH;
			sourceTree = "<group>";
		};
		3BC02C3D20EA0492008CA19F /* SJ */ = {
			isa = PBXGroup;
			children = (
				3BC02C3F20EA302A008CA19F /* Util */,
				3B297F8220E8BE0F00B82B0B /* VC */,
				3B297F8620E8BE3500B82B0B /* Storyboard */,
			);
			path = SJ;
			sourceTree = "<group>";
		};
		3BC02C3E20EA049E008CA19F /* Storyboard */ = {
			isa = PBXGroup;
			children = (
				3B297F8720E8BE4E00B82B0B /* Sub.storyboard */,
			);
			path = Storyboard;
			sourceTree = "<group>";
		};
		3BC02C3F20EA302A008CA19F /* Util */ = {
			isa = PBXGroup;
			children = (
				3BC02C4020EA3031008CA19F /* Utility */,
			);
			path = Util;
			sourceTree = "<group>";
		};
		3BC02C4020EA3031008CA19F /* Utility */ = {
			isa = PBXGroup;
			children = (
				3BC02C4120EA303C008CA19F /* Extension.swift */,
			);
			path = Utility;
			sourceTree = "<group>";
		};
/* End PBXGroup section */

/* Begin PBXNativeTarget section */
		3B297F6C20E8A74100B82B0B /* Jungnami */ = {
			isa = PBXNativeTarget;
			buildConfigurationList = 3B297F7F20E8A74100B82B0B /* Build configuration list for PBXNativeTarget "Jungnami" */;
			buildPhases = (
				3B297F6920E8A74100B82B0B /* Sources */,
				3B297F6A20E8A74100B82B0B /* Frameworks */,
				3B297F6B20E8A74100B82B0B /* Resources */,
			);
			buildRules = (
			);
			dependencies = (
			);
			name = Jungnami;
			productName = Jungnami;
			productReference = 3B297F6D20E8A74100B82B0B /* Jungnami.app */;
			productType = "com.apple.product-type.application";
		};
/* End PBXNativeTarget section */

/* Begin PBXProject section */
		3B297F6520E8A74000B82B0B /* Project object */ = {
			isa = PBXProject;
			attributes = {
				LastSwiftUpdateCheck = 0920;
				LastUpgradeCheck = 0920;
				ORGANIZATIONNAME = "강수진";
				TargetAttributes = {
					3B297F6C20E8A74100B82B0B = {
						CreatedOnToolsVersion = 9.2;
						ProvisioningStyle = Automatic;
					};
				};
			};
			buildConfigurationList = 3B297F6820E8A74000B82B0B /* Build configuration list for PBXProject "Jungnami" */;
			compatibilityVersion = "Xcode 8.0";
			developmentRegion = en;
			hasScannedForEncodings = 0;
			knownRegions = (
				en,
				Base,
			);
			mainGroup = 3B297F6420E8A74000B82B0B;
			productRefGroup = 3B297F6E20E8A74100B82B0B /* Products */;
			projectDirPath = "";
			projectRoot = "";
			targets = (
				3B297F6C20E8A74100B82B0B /* Jungnami */,
			);
		};
/* End PBXProject section */

/* Begin PBXResourcesBuildPhase section */
		3B297F6B20E8A74100B82B0B /* Resources */ = {
			isa = PBXResourcesBuildPhase;
			buildActionMask = 2147483647;
			files = (
				3B297F7B20E8A74100B82B0B /* LaunchScreen.storyboard in Resources */,
				3B297F7820E8A74100B82B0B /* Assets.xcassets in Resources */,
				3B297F7620E8A74100B82B0B /* Main.storyboard in Resources */,
				3B297F8820E8BE4E00B82B0B /* Sub.storyboard in Resources */,
			);
			runOnlyForDeploymentPostprocessing = 0;
		};
/* End PBXResourcesBuildPhase section */

/* Begin PBXSourcesBuildPhase section */
		3B297F6920E8A74100B82B0B /* Sources */ = {
			isa = PBXSourcesBuildPhase;
			buildActionMask = 2147483647;
			files = (
				3B297F9420E8E67D00B82B0B /* WriteVC.swift in Sources */,
				3B297F8E20E8CD9000B82B0B /* CommunityTVC.swift in Sources */,
				3B297F9B20E96CB800B82B0B /* CommunityWriteVC.swift in Sources */,
				3B297F7120E8A74100B82B0B /* AppDelegate.swift in Sources */,
				3B297F9620E92BCD00B82B0B /* CommunityTVCell.swift in Sources */,
				3B297F9220E8E65900B82B0B /* NeedLoginVC.swift in Sources */,
				3B297F9820E9365C00B82B0B /* Sample.swift in Sources */,
				3BC02C4220EA303C008CA19F /* Extension.swift in Sources */,
			);
			runOnlyForDeploymentPostprocessing = 0;
		};
/* End PBXSourcesBuildPhase section */

/* Begin PBXVariantGroup section */
		3B297F7420E8A74100B82B0B /* Main.storyboard */ = {
			isa = PBXVariantGroup;
			children = (
				3B297F7520E8A74100B82B0B /* Base */,
			);
			name = Main.storyboard;
			sourceTree = "<group>";
		};
		3B297F7920E8A74100B82B0B /* LaunchScreen.storyboard */ = {
			isa = PBXVariantGroup;
			children = (
				3B297F7A20E8A74100B82B0B /* Base */,
			);
			name = LaunchScreen.storyboard;
			sourceTree = "<group>";
		};
/* End PBXVariantGroup section */

/* Begin XCBuildConfiguration section */
		3B297F7D20E8A74100B82B0B /* Debug */ = {
			isa = XCBuildConfiguration;
			buildSettings = {
				ALWAYS_SEARCH_USER_PATHS = NO;
				CLANG_ANALYZER_NONNULL = YES;
				CLANG_ANALYZER_NUMBER_OBJECT_CONVERSION = YES_AGGRESSIVE;
				CLANG_CXX_LANGUAGE_STANDARD = "gnu++14";
				CLANG_CXX_LIBRARY = "libc++";
				CLANG_ENABLE_MODULES = YES;
				CLANG_ENABLE_OBJC_ARC = YES;
				CLANG_WARN_BLOCK_CAPTURE_AUTORELEASING = YES;
				CLANG_WARN_BOOL_CONVERSION = YES;
				CLANG_WARN_COMMA = YES;
				CLANG_WARN_CONSTANT_CONVERSION = YES;
				CLANG_WARN_DIRECT_OBJC_ISA_USAGE = YES_ERROR;
				CLANG_WARN_DOCUMENTATION_COMMENTS = YES;
				CLANG_WARN_EMPTY_BODY = YES;
				CLANG_WARN_ENUM_CONVERSION = YES;
				CLANG_WARN_INFINITE_RECURSION = YES;
				CLANG_WARN_INT_CONVERSION = YES;
				CLANG_WARN_NON_LITERAL_NULL_CONVERSION = YES;
				CLANG_WARN_OBJC_LITERAL_CONVERSION = YES;
				CLANG_WARN_OBJC_ROOT_CLASS = YES_ERROR;
				CLANG_WARN_RANGE_LOOP_ANALYSIS = YES;
				CLANG_WARN_STRICT_PROTOTYPES = YES;
				CLANG_WARN_SUSPICIOUS_MOVE = YES;
				CLANG_WARN_UNGUARDED_AVAILABILITY = YES_AGGRESSIVE;
				CLANG_WARN_UNREACHABLE_CODE = YES;
				CLANG_WARN__DUPLICATE_METHOD_MATCH = YES;
				CODE_SIGN_IDENTITY = "iPhone Developer";
				COPY_PHASE_STRIP = NO;
				DEBUG_INFORMATION_FORMAT = dwarf;
				ENABLE_STRICT_OBJC_MSGSEND = YES;
				ENABLE_TESTABILITY = YES;
				GCC_C_LANGUAGE_STANDARD = gnu11;
				GCC_DYNAMIC_NO_PIC = NO;
				GCC_NO_COMMON_BLOCKS = YES;
				GCC_OPTIMIZATION_LEVEL = 0;
				GCC_PREPROCESSOR_DEFINITIONS = (
					"DEBUG=1",
					"$(inherited)",
				);
				GCC_WARN_64_TO_32_BIT_CONVERSION = YES;
				GCC_WARN_ABOUT_RETURN_TYPE = YES_ERROR;
				GCC_WARN_UNDECLARED_SELECTOR = YES;
				GCC_WARN_UNINITIALIZED_AUTOS = YES_AGGRESSIVE;
				GCC_WARN_UNUSED_FUNCTION = YES;
				GCC_WARN_UNUSED_VARIABLE = YES;
				IPHONEOS_DEPLOYMENT_TARGET = 11.2;
				MTL_ENABLE_DEBUG_INFO = YES;
				ONLY_ACTIVE_ARCH = YES;
				SDKROOT = iphoneos;
				SWIFT_ACTIVE_COMPILATION_CONDITIONS = DEBUG;
				SWIFT_OPTIMIZATION_LEVEL = "-Onone";
			};
			name = Debug;
		};
		3B297F7E20E8A74100B82B0B /* Release */ = {
			isa = XCBuildConfiguration;
			buildSettings = {
				ALWAYS_SEARCH_USER_PATHS = NO;
				CLANG_ANALYZER_NONNULL = YES;
				CLANG_ANALYZER_NUMBER_OBJECT_CONVERSION = YES_AGGRESSIVE;
				CLANG_CXX_LANGUAGE_STANDARD = "gnu++14";
				CLANG_CXX_LIBRARY = "libc++";
				CLANG_ENABLE_MODULES = YES;
				CLANG_ENABLE_OBJC_ARC = YES;
				CLANG_WARN_BLOCK_CAPTURE_AUTORELEASING = YES;
				CLANG_WARN_BOOL_CONVERSION = YES;
				CLANG_WARN_COMMA = YES;
				CLANG_WARN_CONSTANT_CONVERSION = YES;
				CLANG_WARN_DIRECT_OBJC_ISA_USAGE = YES_ERROR;
				CLANG_WARN_DOCUMENTATION_COMMENTS = YES;
				CLANG_WARN_EMPTY_BODY = YES;
				CLANG_WARN_ENUM_CONVERSION = YES;
				CLANG_WARN_INFINITE_RECURSION = YES;
				CLANG_WARN_INT_CONVERSION = YES;
				CLANG_WARN_NON_LITERAL_NULL_CONVERSION = YES;
				CLANG_WARN_OBJC_LITERAL_CONVERSION = YES;
				CLANG_WARN_OBJC_ROOT_CLASS = YES_ERROR;
				CLANG_WARN_RANGE_LOOP_ANALYSIS = YES;
				CLANG_WARN_STRICT_PROTOTYPES = YES;
				CLANG_WARN_SUSPICIOUS_MOVE = YES;
				CLANG_WARN_UNGUARDED_AVAILABILITY = YES_AGGRESSIVE;
				CLANG_WARN_UNREACHABLE_CODE = YES;
				CLANG_WARN__DUPLICATE_METHOD_MATCH = YES;
				CODE_SIGN_IDENTITY = "iPhone Developer";
				COPY_PHASE_STRIP = NO;
				DEBUG_INFORMATION_FORMAT = "dwarf-with-dsym";
				ENABLE_NS_ASSERTIONS = NO;
				ENABLE_STRICT_OBJC_MSGSEND = YES;
				GCC_C_LANGUAGE_STANDARD = gnu11;
				GCC_NO_COMMON_BLOCKS = YES;
				GCC_WARN_64_TO_32_BIT_CONVERSION = YES;
				GCC_WARN_ABOUT_RETURN_TYPE = YES_ERROR;
				GCC_WARN_UNDECLARED_SELECTOR = YES;
				GCC_WARN_UNINITIALIZED_AUTOS = YES_AGGRESSIVE;
				GCC_WARN_UNUSED_FUNCTION = YES;
				GCC_WARN_UNUSED_VARIABLE = YES;
				IPHONEOS_DEPLOYMENT_TARGET = 11.2;
				MTL_ENABLE_DEBUG_INFO = NO;
				SDKROOT = iphoneos;
				SWIFT_OPTIMIZATION_LEVEL = "-Owholemodule";
				VALIDATE_PRODUCT = YES;
			};
			name = Release;
		};
		3B297F8020E8A74100B82B0B /* Debug */ = {
			isa = XCBuildConfiguration;
			buildSettings = {
				ASSETCATALOG_COMPILER_APPICON_NAME = AppIcon;
				CODE_SIGN_STYLE = Automatic;
				DEVELOPMENT_TEAM = Y4XABUQ539;
				INFOPLIST_FILE = Jungnami/Info.plist;
				LD_RUNPATH_SEARCH_PATHS = "$(inherited) @executable_path/Frameworks";
				PRODUCT_BUNDLE_IDENTIFIER = kangsujin.Jungnami;
				PRODUCT_NAME = "$(TARGET_NAME)";
				SWIFT_VERSION = 4.0;
				TARGETED_DEVICE_FAMILY = "1,2";
			};
			name = Debug;
		};
		3B297F8120E8A74100B82B0B /* Release */ = {
			isa = XCBuildConfiguration;
			buildSettings = {
				ASSETCATALOG_COMPILER_APPICON_NAME = AppIcon;
				CODE_SIGN_STYLE = Automatic;
				DEVELOPMENT_TEAM = Y4XABUQ539;
				INFOPLIST_FILE = Jungnami/Info.plist;
				LD_RUNPATH_SEARCH_PATHS = "$(inherited) @executable_path/Frameworks";
				PRODUCT_BUNDLE_IDENTIFIER = kangsujin.Jungnami;
				PRODUCT_NAME = "$(TARGET_NAME)";
				SWIFT_VERSION = 4.0;
				TARGETED_DEVICE_FAMILY = "1,2";
			};
			name = Release;
		};
/* End XCBuildConfiguration section */

/* Begin XCConfigurationList section */
		3B297F6820E8A74000B82B0B /* Build configuration list for PBXProject "Jungnami" */ = {
			isa = XCConfigurationList;
			buildConfigurations = (
				3B297F7D20E8A74100B82B0B /* Debug */,
				3B297F7E20E8A74100B82B0B /* Release */,
			);
			defaultConfigurationIsVisible = 0;
			defaultConfigurationName = Release;
		};
		3B297F7F20E8A74100B82B0B /* Build configuration list for PBXNativeTarget "Jungnami" */ = {
			isa = XCConfigurationList;
			buildConfigurations = (
				3B297F8020E8A74100B82B0B /* Debug */,
				3B297F8120E8A74100B82B0B /* Release */,
			);
			defaultConfigurationIsVisible = 0;
			defaultConfigurationName = Release;
		};
/* End XCConfigurationList section */
	};
	rootObject = 3B297F6520E8A74000B82B0B /* Project object */;
}
