PODS:
  - Alamofire (4.8.0)
  - Kingfisher (4.7.0)
  - LTScrollView (0.2.1)
  - SnapKit (4.2.0)
  - SwiftyJSON (4.2.0)

DEPENDENCIES:
  - Alamofire
  - Kingfisher (~> 4.7.0)
  - LTScrollView
  - SnapKit
  - SwiftyJSON

SPEC REPOS:
  https://github.com/cocoapods/specs.git:
    - Alamofire
    - Kingfisher
    - LTScrollView
    - SnapKit
    - SwiftyJSON

SPEC CHECKSUMS:
  Alamofire: 3ec537f71edc9804815215393ae2b1a8ea33a844
  Kingfisher: da6b005aa96d37698e3e4f1ccfe96a5b9bbf27d6
  LTScrollView: 93fff4aed9f9545f541a99b320b27808f5307c12
  SnapKit: fe8a619752f3f27075cc9a90244d75c6c3f27e2a
  SwiftyJSON: c4bcba26dd9ec7a027fc8eade48e2c911f229e96

PODFILE CHECKSUM: 0393975634167e2c1fb0d26970bef124751b3775

COCOAPODS: 1.6.0.beta.2
